// !$*UTF8*$!
{
	archiveVersion = 1;
	classes = {
	};
	objectVersion = 46;
	objects = {

/* Begin PBXBuildFile section */
		3C1ECE4C1B0BD4D7004F7F02 /* CaptionTextView.m in Sources */ = {isa = PBXBuildFile; fileRef = 3C1ECE4B1B0BD4D7004F7F02 /* CaptionTextView.m */; };
		3C2C4A081AFA2A1600E0E4BF /* User.m in Sources */ = {isa = PBXBuildFile; fileRef = 3C2C4A071AFA2A1600E0E4BF /* User.m */; };
		3C2C4A0B1AFA5CD000E0E4BF /* ColorUtils.m in Sources */ = {isa = PBXBuildFile; fileRef = 3C2C4A0A1AFA5CD000E0E4BF /* ColorUtils.m */; };
		3C2C4A171AFA635800E0E4BF /* WelcomeViewController.m in Sources */ = {isa = PBXBuildFile; fileRef = 3C2C4A161AFA635800E0E4BF /* WelcomeViewController.m */; };
		3C2C4A1D1AFA637200E0E4BF /* RequestPhoneViewController.m in Sources */ = {isa = PBXBuildFile; fileRef = 3C2C4A1C1AFA637200E0E4BF /* RequestPhoneViewController.m */; };
		3C2C4A211AFB564D00E0E4BF /* CodeConfirmationViewController.m in Sources */ = {isa = PBXBuildFile; fileRef = 3C2C4A201AFB564D00E0E4BF /* CodeConfirmationViewController.m */; };
		3C2C4A271AFB583B00E0E4BF /* AddressbookUtils.m in Sources */ = {isa = PBXBuildFile; fileRef = 3C2C4A261AFB583B00E0E4BF /* AddressbookUtils.m */; };
		3C2C4A2B1AFB592C00E0E4BF /* RMPhoneFormat.m in Sources */ = {isa = PBXBuildFile; fileRef = 3C2C4A2A1AFB592C00E0E4BF /* RMPhoneFormat.m */; };
		3C2C4A3E1AFB5A3B00E0E4BF /* NBAsYouTypeFormatter.m in Sources */ = {isa = PBXBuildFile; fileRef = 3C2C4A2E1AFB5A3B00E0E4BF /* NBAsYouTypeFormatter.m */; };
		3C2C4A3F1AFB5A3B00E0E4BF /* NBNumberFormat.m in Sources */ = {isa = PBXBuildFile; fileRef = 3C2C4A301AFB5A3B00E0E4BF /* NBNumberFormat.m */; };
		3C2C4A401AFB5A3B00E0E4BF /* NBPhoneMetaData.m in Sources */ = {isa = PBXBuildFile; fileRef = 3C2C4A321AFB5A3B00E0E4BF /* NBPhoneMetaData.m */; };
		3C2C4A411AFB5A3B00E0E4BF /* NBPhoneMetaDataGenerator.m in Sources */ = {isa = PBXBuildFile; fileRef = 3C2C4A341AFB5A3B00E0E4BF /* NBPhoneMetaDataGenerator.m */; };
		3C2C4A421AFB5A3B00E0E4BF /* NBPhoneNumber.m in Sources */ = {isa = PBXBuildFile; fileRef = 3C2C4A361AFB5A3B00E0E4BF /* NBPhoneNumber.m */; };
		3C2C4A431AFB5A3B00E0E4BF /* NBPhoneNumberDesc.m in Sources */ = {isa = PBXBuildFile; fileRef = 3C2C4A391AFB5A3B00E0E4BF /* NBPhoneNumberDesc.m */; };
		3C2C4A441AFB5A3B00E0E4BF /* NBPhoneNumberUtil.m in Sources */ = {isa = PBXBuildFile; fileRef = 3C2C4A3B1AFB5A3B00E0E4BF /* NBPhoneNumberUtil.m */; };
		3C2C4A451AFB5A3B00E0E4BF /* NSArray+NBAdditions.m in Sources */ = {isa = PBXBuildFile; fileRef = 3C2C4A3D1AFB5A3B00E0E4BF /* NSArray+NBAdditions.m */; };
		3C2C4A491AFB5A8600E0E4BF /* MBProgressHUD.m in Sources */ = {isa = PBXBuildFile; fileRef = 3C2C4A481AFB5A8600E0E4BF /* MBProgressHUD.m */; };
		3C2C4A4C1AFB5E1800E0E4BF /* CountryCodeTableViewController.m in Sources */ = {isa = PBXBuildFile; fileRef = 3C2C4A4B1AFB5E1800E0E4BF /* CountryCodeTableViewController.m */; };
		3C2C4A4F1AFB5EB000E0E4BF /* PhoneCountries.txt in Resources */ = {isa = PBXBuildFile; fileRef = 3C2C4A4D1AFB5EB000E0E4BF /* PhoneCountries.txt */; };
		3C2C4A501AFB5EB000E0E4BF /* PhoneFormats.dat in Resources */ = {isa = PBXBuildFile; fileRef = 3C2C4A4E1AFB5EB000E0E4BF /* PhoneFormats.dat */; };
		3C2C4A521AFB6F8E00E0E4BF /* PhoneNumberMetaData.json in Resources */ = {isa = PBXBuildFile; fileRef = 3C2C4A511AFB6F8E00E0E4BF /* PhoneNumberMetaData.json */; };
		3C2C4A541AFB6FDB00E0E4BF /* PhoneNumberMetaDataForTesting.json in Resources */ = {isa = PBXBuildFile; fileRef = 3C2C4A531AFB6FDB00E0E4BF /* PhoneNumberMetaDataForTesting.json */; };
		3C2C4A571AFB701D00E0E4BF /* NBPhoneNumberMetadata.plist in Resources */ = {isa = PBXBuildFile; fileRef = 3C2C4A551AFB701D00E0E4BF /* NBPhoneNumberMetadata.plist */; };
		3C2C4A581AFB701D00E0E4BF /* NBPhoneNumberMetadataForTesting.plist in Resources */ = {isa = PBXBuildFile; fileRef = 3C2C4A561AFB701D00E0E4BF /* NBPhoneNumberMetadataForTesting.plist */; };
		3C2C4A5B1AFBD04600E0E4BF /* PushNoAnimationSegue.m in Sources */ = {isa = PBXBuildFile; fileRef = 3C2C4A5A1AFBD04600E0E4BF /* PushNoAnimationSegue.m */; };
		3C2C4A6F1AFE231F00E0E4BF /* DateTools.bundle in Resources */ = {isa = PBXBuildFile; fileRef = 3C2C4A601AFE231F00E0E4BF /* DateTools.bundle */; };
		3C2C4A701AFE231F00E0E4BF /* DTError.m in Sources */ = {isa = PBXBuildFile; fileRef = 3C2C4A641AFE231F00E0E4BF /* DTError.m */; };
		3C2C4A711AFE231F00E0E4BF /* DTTimePeriod.m in Sources */ = {isa = PBXBuildFile; fileRef = 3C2C4A661AFE231F00E0E4BF /* DTTimePeriod.m */; };
		3C2C4A721AFE231F00E0E4BF /* DTTimePeriodChain.m in Sources */ = {isa = PBXBuildFile; fileRef = 3C2C4A681AFE231F00E0E4BF /* DTTimePeriodChain.m */; };
		3C2C4A731AFE231F00E0E4BF /* DTTimePeriodCollection.m in Sources */ = {isa = PBXBuildFile; fileRef = 3C2C4A6A1AFE231F00E0E4BF /* DTTimePeriodCollection.m */; };
		3C2C4A741AFE231F00E0E4BF /* DTTimePeriodGroup.m in Sources */ = {isa = PBXBuildFile; fileRef = 3C2C4A6C1AFE231F00E0E4BF /* DTTimePeriodGroup.m */; };
		3C2C4A751AFE231F00E0E4BF /* NSDate+DateTools.m in Sources */ = {isa = PBXBuildFile; fileRef = 3C2C4A6E1AFE231F00E0E4BF /* NSDate+DateTools.m */; };
		3C2C4A771AFFE2D600E0E4BF /* libstdc++.6.0.9.dylib in Frameworks */ = {isa = PBXBuildFile; fileRef = 3C2C4A761AFFE2D600E0E4BF /* libstdc++.6.0.9.dylib */; };
		3C2C4A7B1AFFECB600E0E4BF /* TrackingUtils.m in Sources */ = {isa = PBXBuildFile; fileRef = 3C2C4A7A1AFFECB600E0E4BF /* TrackingUtils.m */; };
		3C2C4A821B036F7500E0E4BF /* FriendsViewController.m in Sources */ = {isa = PBXBuildFile; fileRef = 3C2C4A811B036F7500E0E4BF /* FriendsViewController.m */; };
		3C2C4B761B04B08700E0E4BF /* Bolts.framework in Frameworks */ = {isa = PBXBuildFile; fileRef = 3C2C4A851B04B08600E0E4BF /* Bolts.framework */; };
		3C2C4B771B04B08700E0E4BF /* FacebookSDK.strings in Resources */ = {isa = PBXBuildFile; fileRef = 3C2C4A861B04B08600E0E4BF /* FacebookSDK.strings */; };
		3C2C4B781B04B08700E0E4BF /* FBAudienceNetwork.framework in Frameworks */ = {isa = PBXBuildFile; fileRef = 3C2C4A871B04B08600E0E4BF /* FBAudienceNetwork.framework */; };
		3C2C4B7A1B04B08700E0E4BF /* FBSDKCoreKit.framework in Frameworks */ = {isa = PBXBuildFile; fileRef = 3C2C4A891B04B08600E0E4BF /* FBSDKCoreKit.framework */; };
		3C2C4B7B1B04B08700E0E4BF /* FBSDKLoginKit.framework in Frameworks */ = {isa = PBXBuildFile; fileRef = 3C2C4A8A1B04B08600E0E4BF /* FBSDKLoginKit.framework */; };
		3C2C4B7C1B04B08700E0E4BF /* FBSDKMessengerShareKit.framework in Frameworks */ = {isa = PBXBuildFile; fileRef = 3C2C4A8B1B04B08600E0E4BF /* FBSDKMessengerShareKit.framework */; };
		3C2C4B7D1B04B08700E0E4BF /* FBSDKShareKit.framework in Frameworks */ = {isa = PBXBuildFile; fileRef = 3C2C4A8C1B04B08600E0E4BF /* FBSDKShareKit.framework */; };
		3C2C4C1D1B04DB2000E0E4BF /* green.png in Resources */ = {isa = PBXBuildFile; fileRef = 3C2C4C181B04DB2000E0E4BF /* green.png */; };
		3C2C4C221B05F73A00E0E4BF /* whiteNoise.wav in Resources */ = {isa = PBXBuildFile; fileRef = 3C2C4C211B05F73A00E0E4BF /* whiteNoise.wav */; };
		3C5F97D01AEBB1F30098F70F /* main.m in Sources */ = {isa = PBXBuildFile; fileRef = 3C5F97CF1AEBB1F30098F70F /* main.m */; };
		3C5F97D31AEBB1F30098F70F /* AppDelegate.m in Sources */ = {isa = PBXBuildFile; fileRef = 3C5F97D21AEBB1F30098F70F /* AppDelegate.m */; };
		3C5F97DC1AEBB1F30098F70F /* Main.storyboard in Resources */ = {isa = PBXBuildFile; fileRef = 3C5F97DA1AEBB1F30098F70F /* Main.storyboard */; };
		3C5F97DE1AEBB1F30098F70F /* Images.xcassets in Resources */ = {isa = PBXBuildFile; fileRef = 3C5F97DD1AEBB1F30098F70F /* Images.xcassets */; };
		3C5F97F81AEBB3530098F70F /* Localizable.strings in Resources */ = {isa = PBXBuildFile; fileRef = 3C5F97F71AEBB3530098F70F /* Localizable.strings */; };
		3C5F97FF1AEBB4620098F70F /* VideoViewController.m in Sources */ = {isa = PBXBuildFile; fileRef = 3C5F97FE1AEBB4620098F70F /* VideoViewController.m */; };
		3C5F98031AEBBC560098F70F /* VideoPost.m in Sources */ = {isa = PBXBuildFile; fileRef = 3C5F98021AEBBC560098F70F /* VideoPost.m */; };
		3C5F98111AEC1CFF0098F70F /* ConstantUtils.m in Sources */ = {isa = PBXBuildFile; fileRef = 3C5F98101AEC1CFF0098F70F /* ConstantUtils.m */; };
		3C5F982B1AECDFD30098F70F /* GLKit.framework in Frameworks */ = {isa = PBXBuildFile; fileRef = 3C5F982A1AECDFD30098F70F /* GLKit.framework */; };
		3C5F982D1AECDFDA0098F70F /* CoreVideo.framework in Frameworks */ = {isa = PBXBuildFile; fileRef = 3C5F982C1AECDFDA0098F70F /* CoreVideo.framework */; };
		3C5F982F1AECDFE50098F70F /* AudioToolbox.framework in Frameworks */ = {isa = PBXBuildFile; fileRef = 3C5F982E1AECDFE50098F70F /* AudioToolbox.framework */; };
		3C5F983F1AECE0380098F70F /* CoreMedia.framework in Frameworks */ = {isa = PBXBuildFile; fileRef = 3C5F983E1AECE0380098F70F /* CoreMedia.framework */; };
		3C5F98701AECE05E0098F70F /* CIImageRendererUtils.m in Sources */ = {isa = PBXBuildFile; fileRef = 3C5F98431AECE05E0098F70F /* CIImageRendererUtils.m */; };
		3C5F98711AECE05E0098F70F /* SCAssetExportSession.m in Sources */ = {isa = PBXBuildFile; fileRef = 3C5F98451AECE05E0098F70F /* SCAssetExportSession.m */; };
		3C5F98721AECE05E0098F70F /* SCAudioConfiguration.m in Sources */ = {isa = PBXBuildFile; fileRef = 3C5F98471AECE05E0098F70F /* SCAudioConfiguration.m */; };
		3C5F98731AECE05E0098F70F /* SCAudioTools.m in Sources */ = {isa = PBXBuildFile; fileRef = 3C5F98491AECE05E0098F70F /* SCAudioTools.m */; };
		3C5F98741AECE05E0098F70F /* SCFilter.m in Sources */ = {isa = PBXBuildFile; fileRef = 3C5F984C1AECE05E0098F70F /* SCFilter.m */; };
		3C5F98751AECE05E0098F70F /* SCFilterSelectorView.m in Sources */ = {isa = PBXBuildFile; fileRef = 3C5F984E1AECE05E0098F70F /* SCFilterSelectorView.m */; };
		3C5F98761AECE05E0098F70F /* SCImageView.m in Sources */ = {isa = PBXBuildFile; fileRef = 3C5F98511AECE05E0098F70F /* SCImageView.m */; };
		3C5F98771AECE05E0098F70F /* SCMediaTypeConfiguration.m in Sources */ = {isa = PBXBuildFile; fileRef = 3C5F98531AECE05E0098F70F /* SCMediaTypeConfiguration.m */; };
		3C5F98781AECE05E0098F70F /* SCPhotoConfiguration.m in Sources */ = {isa = PBXBuildFile; fileRef = 3C5F98551AECE05E0098F70F /* SCPhotoConfiguration.m */; };
		3C5F98791AECE05E0098F70F /* SCPlayer.m in Sources */ = {isa = PBXBuildFile; fileRef = 3C5F98571AECE05E0098F70F /* SCPlayer.m */; };
		3C5F987A1AECE05E0098F70F /* SCRecorder.m in Sources */ = {isa = PBXBuildFile; fileRef = 3C5F98591AECE05E0098F70F /* SCRecorder.m */; };
		3C5F987B1AECE05E0098F70F /* SCRecorderFocusTargetView.m in Sources */ = {isa = PBXBuildFile; fileRef = 3C5F985C1AECE05E0098F70F /* SCRecorderFocusTargetView.m */; };
		3C5F987C1AECE05E0098F70F /* SCRecorderTools.m in Sources */ = {isa = PBXBuildFile; fileRef = 3C5F985E1AECE05E0098F70F /* SCRecorderTools.m */; };
		3C5F987D1AECE05E0098F70F /* SCRecorderToolsView.m in Sources */ = {isa = PBXBuildFile; fileRef = 3C5F98601AECE05E0098F70F /* SCRecorderToolsView.m */; };
		3C5F987E1AECE05E0098F70F /* SCRecordSession.m in Sources */ = {isa = PBXBuildFile; fileRef = 3C5F98631AECE05E0098F70F /* SCRecordSession.m */; };
		3C5F987F1AECE05E0098F70F /* SCRecordSessionSegment.m in Sources */ = {isa = PBXBuildFile; fileRef = 3C5F98651AECE05E0098F70F /* SCRecordSessionSegment.m */; };
		3C5F98801AECE05E0098F70F /* SCSampleBufferHolder.m in Sources */ = {isa = PBXBuildFile; fileRef = 3C5F98671AECE05E0098F70F /* SCSampleBufferHolder.m */; };
		3C5F98811AECE05E0098F70F /* SCSwipeableFilterView.m in Sources */ = {isa = PBXBuildFile; fileRef = 3C5F98691AECE05E0098F70F /* SCSwipeableFilterView.m */; };
		3C5F98821AECE05E0098F70F /* SCVideoConfiguration.m in Sources */ = {isa = PBXBuildFile; fileRef = 3C5F986B1AECE05E0098F70F /* SCVideoConfiguration.m */; };
		3C5F98831AECE05E0098F70F /* SCVideoPlayerView.m in Sources */ = {isa = PBXBuildFile; fileRef = 3C5F986D1AECE05E0098F70F /* SCVideoPlayerView.m */; };
		3C5F98841AECE05E0098F70F /* SCWeakSelectorTarget.m in Sources */ = {isa = PBXBuildFile; fileRef = 3C5F986F1AECE05E0098F70F /* SCWeakSelectorTarget.m */; };
		3C5F988D1AED15CF0098F70F /* Bolts.framework in Frameworks */ = {isa = PBXBuildFile; fileRef = 3C5F98871AED15CF0098F70F /* Bolts.framework */; };
		3C5F988E1AED15CF0098F70F /* Parse.framework in Frameworks */ = {isa = PBXBuildFile; fileRef = 3C5F98881AED15CF0098F70F /* Parse.framework */; };
		3C5F988F1AED15CF0098F70F /* ParseCrashReporting.framework in Frameworks */ = {isa = PBXBuildFile; fileRef = 3C5F98891AED15CF0098F70F /* ParseCrashReporting.framework */; };
		3C5F98901AED15CF0098F70F /* ParseFacebookUtils.framework in Frameworks */ = {isa = PBXBuildFile; fileRef = 3C5F988A1AED15CF0098F70F /* ParseFacebookUtils.framework */; };
		3C5F98911AED15CF0098F70F /* ParseFacebookUtilsV4.framework in Frameworks */ = {isa = PBXBuildFile; fileRef = 3C5F988B1AED15CF0098F70F /* ParseFacebookUtilsV4.framework */; };
		3C5F98921AED15CF0098F70F /* ParseUI.framework in Frameworks */ = {isa = PBXBuildFile; fileRef = 3C5F988C1AED15CF0098F70F /* ParseUI.framework */; };
		3C5F98941AED16280098F70F /* CFNetwork.framework in Frameworks */ = {isa = PBXBuildFile; fileRef = 3C5F98931AED16280098F70F /* CFNetwork.framework */; };
		3C5F98961AED16340098F70F /* CoreGraphics.framework in Frameworks */ = {isa = PBXBuildFile; fileRef = 3C5F98951AED16340098F70F /* CoreGraphics.framework */; };
		3C5F98981AED16390098F70F /* CoreLocation.framework in Frameworks */ = {isa = PBXBuildFile; fileRef = 3C5F98971AED16390098F70F /* CoreLocation.framework */; };
		3C5F989A1AED16430098F70F /* MobileCoreServices.framework in Frameworks */ = {isa = PBXBuildFile; fileRef = 3C5F98991AED16430098F70F /* MobileCoreServices.framework */; };
		3C5F989C1AED164B0098F70F /* QuartzCore.framework in Frameworks */ = {isa = PBXBuildFile; fileRef = 3C5F989B1AED164B0098F70F /* QuartzCore.framework */; };
		3C5F989E1AED16500098F70F /* Security.framework in Frameworks */ = {isa = PBXBuildFile; fileRef = 3C5F989D1AED16500098F70F /* Security.framework */; };
		3C5F98A01AED165D0098F70F /* StoreKit.framework in Frameworks */ = {isa = PBXBuildFile; fileRef = 3C5F989F1AED165D0098F70F /* StoreKit.framework */; };
		3C5F98A21AED16670098F70F /* SystemConfiguration.framework in Frameworks */ = {isa = PBXBuildFile; fileRef = 3C5F98A11AED16670098F70F /* SystemConfiguration.framework */; };
		3C5F98A41AED16760098F70F /* libz.dylib in Frameworks */ = {isa = PBXBuildFile; fileRef = 3C5F98A31AED16760098F70F /* libz.dylib */; };
		3C5F98A61AED16810098F70F /* libsqlite3.dylib in Frameworks */ = {isa = PBXBuildFile; fileRef = 3C5F98A51AED16810098F70F /* libsqlite3.dylib */; };
		3C5F98A81AED168B0098F70F /* Accounts.framework in Frameworks */ = {isa = PBXBuildFile; fileRef = 3C5F98A71AED168B0098F70F /* Accounts.framework */; };
		3C5F98AA1AED168F0098F70F /* Social.framework in Frameworks */ = {isa = PBXBuildFile; fileRef = 3C5F98A91AED168F0098F70F /* Social.framework */; };
		3C5F98AD1AED1A930098F70F /* ApiManager.m in Sources */ = {isa = PBXBuildFile; fileRef = 3C5F98AC1AED1A930098F70F /* ApiManager.m */; };
		3C5F98C51AEE7D8D0098F70F /* GeneralUtils.m in Sources */ = {isa = PBXBuildFile; fileRef = 3C5F98C41AEE7D8D0098F70F /* GeneralUtils.m */; };
		A4CE87591B0913DE00DC20DC /* NHaasGroteskDSPro-55Rg.ttf in Resources */ = {isa = PBXBuildFile; fileRef = A4CE87551B09133200DC20DC /* NHaasGroteskDSPro-55Rg.ttf */; };
		A4CE875A1B0913DE00DC20DC /* NHaasGroteskDSPro-65Md.ttf in Resources */ = {isa = PBXBuildFile; fileRef = A4CE87561B09133200DC20DC /* NHaasGroteskDSPro-65Md.ttf */; };
		A4CE875B1B0913DE00DC20DC /* NHaasGroteskDSPro-75Bd.ttf in Resources */ = {isa = PBXBuildFile; fileRef = A4CE87571B09133200DC20DC /* NHaasGroteskDSPro-75Bd.ttf */; };
		A4CE87671B0920A900DC20DC /* UICustomLineLabel.m in Sources */ = {isa = PBXBuildFile; fileRef = A4CE87661B0920A900DC20DC /* UICustomLineLabel.m */; };
/* End PBXBuildFile section */

/* Begin PBXFileReference section */
		3C1ECE4A1B0BD4D7004F7F02 /* CaptionTextView.h */ = {isa = PBXFileReference; fileEncoding = 4; lastKnownFileType = sourcecode.c.h; path = CaptionTextView.h; sourceTree = "<group>"; };
		3C1ECE4B1B0BD4D7004F7F02 /* CaptionTextView.m */ = {isa = PBXFileReference; fileEncoding = 4; lastKnownFileType = sourcecode.c.objc; path = CaptionTextView.m; sourceTree = "<group>"; };
		3C2C4A061AFA2A1600E0E4BF /* User.h */ = {isa = PBXFileReference; fileEncoding = 4; lastKnownFileType = sourcecode.c.h; path = User.h; sourceTree = "<group>"; };
		3C2C4A071AFA2A1600E0E4BF /* User.m */ = {isa = PBXFileReference; fileEncoding = 4; lastKnownFileType = sourcecode.c.objc; path = User.m; sourceTree = "<group>"; };
		3C2C4A091AFA5CD000E0E4BF /* ColorUtils.h */ = {isa = PBXFileReference; fileEncoding = 4; lastKnownFileType = sourcecode.c.h; path = ColorUtils.h; sourceTree = "<group>"; };
		3C2C4A0A1AFA5CD000E0E4BF /* ColorUtils.m */ = {isa = PBXFileReference; fileEncoding = 4; lastKnownFileType = sourcecode.c.objc; path = ColorUtils.m; sourceTree = "<group>"; };
		3C2C4A151AFA635800E0E4BF /* WelcomeViewController.h */ = {isa = PBXFileReference; fileEncoding = 4; lastKnownFileType = sourcecode.c.h; path = WelcomeViewController.h; sourceTree = "<group>"; };
		3C2C4A161AFA635800E0E4BF /* WelcomeViewController.m */ = {isa = PBXFileReference; fileEncoding = 4; lastKnownFileType = sourcecode.c.objc; path = WelcomeViewController.m; sourceTree = "<group>"; };
		3C2C4A1B1AFA637200E0E4BF /* RequestPhoneViewController.h */ = {isa = PBXFileReference; fileEncoding = 4; lastKnownFileType = sourcecode.c.h; path = RequestPhoneViewController.h; sourceTree = "<group>"; };
		3C2C4A1C1AFA637200E0E4BF /* RequestPhoneViewController.m */ = {isa = PBXFileReference; fileEncoding = 4; lastKnownFileType = sourcecode.c.objc; path = RequestPhoneViewController.m; sourceTree = "<group>"; };
		3C2C4A1F1AFB564D00E0E4BF /* CodeConfirmationViewController.h */ = {isa = PBXFileReference; fileEncoding = 4; lastKnownFileType = sourcecode.c.h; path = CodeConfirmationViewController.h; sourceTree = "<group>"; };
		3C2C4A201AFB564D00E0E4BF /* CodeConfirmationViewController.m */ = {isa = PBXFileReference; fileEncoding = 4; lastKnownFileType = sourcecode.c.objc; path = CodeConfirmationViewController.m; sourceTree = "<group>"; };
		3C2C4A251AFB583B00E0E4BF /* AddressbookUtils.h */ = {isa = PBXFileReference; fileEncoding = 4; lastKnownFileType = sourcecode.c.h; path = AddressbookUtils.h; sourceTree = "<group>"; };
		3C2C4A261AFB583B00E0E4BF /* AddressbookUtils.m */ = {isa = PBXFileReference; fileEncoding = 4; lastKnownFileType = sourcecode.c.objc; path = AddressbookUtils.m; sourceTree = "<group>"; };
		3C2C4A291AFB592C00E0E4BF /* RMPhoneFormat.h */ = {isa = PBXFileReference; fileEncoding = 4; lastKnownFileType = sourcecode.c.h; path = RMPhoneFormat.h; sourceTree = "<group>"; };
		3C2C4A2A1AFB592C00E0E4BF /* RMPhoneFormat.m */ = {isa = PBXFileReference; fileEncoding = 4; lastKnownFileType = sourcecode.c.objc; path = RMPhoneFormat.m; sourceTree = "<group>"; };
		3C2C4A2D1AFB5A3B00E0E4BF /* NBAsYouTypeFormatter.h */ = {isa = PBXFileReference; fileEncoding = 4; lastKnownFileType = sourcecode.c.h; path = NBAsYouTypeFormatter.h; sourceTree = "<group>"; };
		3C2C4A2E1AFB5A3B00E0E4BF /* NBAsYouTypeFormatter.m */ = {isa = PBXFileReference; fileEncoding = 4; lastKnownFileType = sourcecode.c.objc; path = NBAsYouTypeFormatter.m; sourceTree = "<group>"; };
		3C2C4A2F1AFB5A3B00E0E4BF /* NBNumberFormat.h */ = {isa = PBXFileReference; fileEncoding = 4; lastKnownFileType = sourcecode.c.h; path = NBNumberFormat.h; sourceTree = "<group>"; };
		3C2C4A301AFB5A3B00E0E4BF /* NBNumberFormat.m */ = {isa = PBXFileReference; fileEncoding = 4; lastKnownFileType = sourcecode.c.objc; path = NBNumberFormat.m; sourceTree = "<group>"; };
		3C2C4A311AFB5A3B00E0E4BF /* NBPhoneMetaData.h */ = {isa = PBXFileReference; fileEncoding = 4; lastKnownFileType = sourcecode.c.h; path = NBPhoneMetaData.h; sourceTree = "<group>"; };
		3C2C4A321AFB5A3B00E0E4BF /* NBPhoneMetaData.m */ = {isa = PBXFileReference; fileEncoding = 4; lastKnownFileType = sourcecode.c.objc; path = NBPhoneMetaData.m; sourceTree = "<group>"; };
		3C2C4A331AFB5A3B00E0E4BF /* NBPhoneMetaDataGenerator.h */ = {isa = PBXFileReference; fileEncoding = 4; lastKnownFileType = sourcecode.c.h; path = NBPhoneMetaDataGenerator.h; sourceTree = "<group>"; };
		3C2C4A341AFB5A3B00E0E4BF /* NBPhoneMetaDataGenerator.m */ = {isa = PBXFileReference; fileEncoding = 4; lastKnownFileType = sourcecode.c.objc; path = NBPhoneMetaDataGenerator.m; sourceTree = "<group>"; };
		3C2C4A351AFB5A3B00E0E4BF /* NBPhoneNumber.h */ = {isa = PBXFileReference; fileEncoding = 4; lastKnownFileType = sourcecode.c.h; path = NBPhoneNumber.h; sourceTree = "<group>"; };
		3C2C4A361AFB5A3B00E0E4BF /* NBPhoneNumber.m */ = {isa = PBXFileReference; fileEncoding = 4; lastKnownFileType = sourcecode.c.objc; path = NBPhoneNumber.m; sourceTree = "<group>"; };
		3C2C4A371AFB5A3B00E0E4BF /* NBPhoneNumberDefines.h */ = {isa = PBXFileReference; fileEncoding = 4; lastKnownFileType = sourcecode.c.h; path = NBPhoneNumberDefines.h; sourceTree = "<group>"; };
		3C2C4A381AFB5A3B00E0E4BF /* NBPhoneNumberDesc.h */ = {isa = PBXFileReference; fileEncoding = 4; lastKnownFileType = sourcecode.c.h; path = NBPhoneNumberDesc.h; sourceTree = "<group>"; };
		3C2C4A391AFB5A3B00E0E4BF /* NBPhoneNumberDesc.m */ = {isa = PBXFileReference; fileEncoding = 4; lastKnownFileType = sourcecode.c.objc; path = NBPhoneNumberDesc.m; sourceTree = "<group>"; };
		3C2C4A3A1AFB5A3B00E0E4BF /* NBPhoneNumberUtil.h */ = {isa = PBXFileReference; fileEncoding = 4; lastKnownFileType = sourcecode.c.h; path = NBPhoneNumberUtil.h; sourceTree = "<group>"; };
		3C2C4A3B1AFB5A3B00E0E4BF /* NBPhoneNumberUtil.m */ = {isa = PBXFileReference; fileEncoding = 4; lastKnownFileType = sourcecode.c.objc; path = NBPhoneNumberUtil.m; sourceTree = "<group>"; };
		3C2C4A3C1AFB5A3B00E0E4BF /* NSArray+NBAdditions.h */ = {isa = PBXFileReference; fileEncoding = 4; lastKnownFileType = sourcecode.c.h; path = "NSArray+NBAdditions.h"; sourceTree = "<group>"; };
		3C2C4A3D1AFB5A3B00E0E4BF /* NSArray+NBAdditions.m */ = {isa = PBXFileReference; fileEncoding = 4; lastKnownFileType = sourcecode.c.objc; path = "NSArray+NBAdditions.m"; sourceTree = "<group>"; };
		3C2C4A471AFB5A8600E0E4BF /* MBProgressHUD.h */ = {isa = PBXFileReference; fileEncoding = 4; lastKnownFileType = sourcecode.c.h; path = MBProgressHUD.h; sourceTree = "<group>"; };
		3C2C4A481AFB5A8600E0E4BF /* MBProgressHUD.m */ = {isa = PBXFileReference; fileEncoding = 4; lastKnownFileType = sourcecode.c.objc; path = MBProgressHUD.m; sourceTree = "<group>"; };
		3C2C4A4A1AFB5E1800E0E4BF /* CountryCodeTableViewController.h */ = {isa = PBXFileReference; fileEncoding = 4; lastKnownFileType = sourcecode.c.h; path = CountryCodeTableViewController.h; sourceTree = "<group>"; };
		3C2C4A4B1AFB5E1800E0E4BF /* CountryCodeTableViewController.m */ = {isa = PBXFileReference; fileEncoding = 4; lastKnownFileType = sourcecode.c.objc; path = CountryCodeTableViewController.m; sourceTree = "<group>"; };
		3C2C4A4D1AFB5EB000E0E4BF /* PhoneCountries.txt */ = {isa = PBXFileReference; fileEncoding = 4; lastKnownFileType = text; path = PhoneCountries.txt; sourceTree = "<group>"; };
		3C2C4A4E1AFB5EB000E0E4BF /* PhoneFormats.dat */ = {isa = PBXFileReference; lastKnownFileType = file; path = PhoneFormats.dat; sourceTree = "<group>"; };
		3C2C4A511AFB6F8E00E0E4BF /* PhoneNumberMetaData.json */ = {isa = PBXFileReference; fileEncoding = 4; lastKnownFileType = text.json; path = PhoneNumberMetaData.json; sourceTree = "<group>"; };
		3C2C4A531AFB6FDB00E0E4BF /* PhoneNumberMetaDataForTesting.json */ = {isa = PBXFileReference; fileEncoding = 4; lastKnownFileType = text.json; path = PhoneNumberMetaDataForTesting.json; sourceTree = "<group>"; };
		3C2C4A551AFB701D00E0E4BF /* NBPhoneNumberMetadata.plist */ = {isa = PBXFileReference; lastKnownFileType = file.bplist; path = NBPhoneNumberMetadata.plist; sourceTree = "<group>"; };
		3C2C4A561AFB701D00E0E4BF /* NBPhoneNumberMetadataForTesting.plist */ = {isa = PBXFileReference; lastKnownFileType = file.bplist; path = NBPhoneNumberMetadataForTesting.plist; sourceTree = "<group>"; };
		3C2C4A591AFBD04600E0E4BF /* PushNoAnimationSegue.h */ = {isa = PBXFileReference; fileEncoding = 4; lastKnownFileType = sourcecode.c.h; path = PushNoAnimationSegue.h; sourceTree = "<group>"; };
		3C2C4A5A1AFBD04600E0E4BF /* PushNoAnimationSegue.m */ = {isa = PBXFileReference; fileEncoding = 4; lastKnownFileType = sourcecode.c.objc; path = PushNoAnimationSegue.m; sourceTree = "<group>"; };
		3C2C4A601AFE231F00E0E4BF /* DateTools.bundle */ = {isa = PBXFileReference; lastKnownFileType = "wrapper.plug-in"; path = DateTools.bundle; sourceTree = "<group>"; };
		3C2C4A611AFE231F00E0E4BF /* DateTools.h */ = {isa = PBXFileReference; fileEncoding = 4; lastKnownFileType = sourcecode.c.h; path = DateTools.h; sourceTree = "<group>"; };
		3C2C4A621AFE231F00E0E4BF /* DTConstants.h */ = {isa = PBXFileReference; fileEncoding = 4; lastKnownFileType = sourcecode.c.h; path = DTConstants.h; sourceTree = "<group>"; };
		3C2C4A631AFE231F00E0E4BF /* DTError.h */ = {isa = PBXFileReference; fileEncoding = 4; lastKnownFileType = sourcecode.c.h; path = DTError.h; sourceTree = "<group>"; };
		3C2C4A641AFE231F00E0E4BF /* DTError.m */ = {isa = PBXFileReference; fileEncoding = 4; lastKnownFileType = sourcecode.c.objc; path = DTError.m; sourceTree = "<group>"; };
		3C2C4A651AFE231F00E0E4BF /* DTTimePeriod.h */ = {isa = PBXFileReference; fileEncoding = 4; lastKnownFileType = sourcecode.c.h; path = DTTimePeriod.h; sourceTree = "<group>"; };
		3C2C4A661AFE231F00E0E4BF /* DTTimePeriod.m */ = {isa = PBXFileReference; fileEncoding = 4; lastKnownFileType = sourcecode.c.objc; path = DTTimePeriod.m; sourceTree = "<group>"; };
		3C2C4A671AFE231F00E0E4BF /* DTTimePeriodChain.h */ = {isa = PBXFileReference; fileEncoding = 4; lastKnownFileType = sourcecode.c.h; path = DTTimePeriodChain.h; sourceTree = "<group>"; };
		3C2C4A681AFE231F00E0E4BF /* DTTimePeriodChain.m */ = {isa = PBXFileReference; fileEncoding = 4; lastKnownFileType = sourcecode.c.objc; path = DTTimePeriodChain.m; sourceTree = "<group>"; };
		3C2C4A691AFE231F00E0E4BF /* DTTimePeriodCollection.h */ = {isa = PBXFileReference; fileEncoding = 4; lastKnownFileType = sourcecode.c.h; path = DTTimePeriodCollection.h; sourceTree = "<group>"; };
		3C2C4A6A1AFE231F00E0E4BF /* DTTimePeriodCollection.m */ = {isa = PBXFileReference; fileEncoding = 4; lastKnownFileType = sourcecode.c.objc; path = DTTimePeriodCollection.m; sourceTree = "<group>"; };
		3C2C4A6B1AFE231F00E0E4BF /* DTTimePeriodGroup.h */ = {isa = PBXFileReference; fileEncoding = 4; lastKnownFileType = sourcecode.c.h; path = DTTimePeriodGroup.h; sourceTree = "<group>"; };
		3C2C4A6C1AFE231F00E0E4BF /* DTTimePeriodGroup.m */ = {isa = PBXFileReference; fileEncoding = 4; lastKnownFileType = sourcecode.c.objc; path = DTTimePeriodGroup.m; sourceTree = "<group>"; };
		3C2C4A6D1AFE231F00E0E4BF /* NSDate+DateTools.h */ = {isa = PBXFileReference; fileEncoding = 4; lastKnownFileType = sourcecode.c.h; path = "NSDate+DateTools.h"; sourceTree = "<group>"; };
		3C2C4A6E1AFE231F00E0E4BF /* NSDate+DateTools.m */ = {isa = PBXFileReference; fileEncoding = 4; lastKnownFileType = sourcecode.c.objc; path = "NSDate+DateTools.m"; sourceTree = "<group>"; };
		3C2C4A761AFFE2D600E0E4BF /* libstdc++.6.0.9.dylib */ = {isa = PBXFileReference; lastKnownFileType = "compiled.mach-o.dylib"; name = "libstdc++.6.0.9.dylib"; path = "usr/lib/libstdc++.6.0.9.dylib"; sourceTree = SDKROOT; };
		3C2C4A791AFFECB600E0E4BF /* TrackingUtils.h */ = {isa = PBXFileReference; fileEncoding = 4; lastKnownFileType = sourcecode.c.h; path = TrackingUtils.h; sourceTree = "<group>"; };
		3C2C4A7A1AFFECB600E0E4BF /* TrackingUtils.m */ = {isa = PBXFileReference; fileEncoding = 4; lastKnownFileType = sourcecode.c.objc; path = TrackingUtils.m; sourceTree = "<group>"; };
		3C2C4A801B036F7500E0E4BF /* FriendsViewController.h */ = {isa = PBXFileReference; fileEncoding = 4; lastKnownFileType = sourcecode.c.h; path = FriendsViewController.h; sourceTree = "<group>"; };
		3C2C4A811B036F7500E0E4BF /* FriendsViewController.m */ = {isa = PBXFileReference; fileEncoding = 4; lastKnownFileType = sourcecode.c.objc; path = FriendsViewController.m; sourceTree = "<group>"; };
		3C2C4A851B04B08600E0E4BF /* Bolts.framework */ = {isa = PBXFileReference; lastKnownFileType = wrapper.framework; path = Bolts.framework; sourceTree = "<group>"; };
		3C2C4A861B04B08600E0E4BF /* FacebookSDK.strings */ = {isa = PBXFileReference; fileEncoding = 4; lastKnownFileType = text.plist.strings; path = FacebookSDK.strings; sourceTree = "<group>"; };
		3C2C4A871B04B08600E0E4BF /* FBAudienceNetwork.framework */ = {isa = PBXFileReference; lastKnownFileType = wrapper.framework; path = FBAudienceNetwork.framework; sourceTree = "<group>"; };
		3C2C4A891B04B08600E0E4BF /* FBSDKCoreKit.framework */ = {isa = PBXFileReference; lastKnownFileType = wrapper.framework; path = FBSDKCoreKit.framework; sourceTree = "<group>"; };
		3C2C4A8A1B04B08600E0E4BF /* FBSDKLoginKit.framework */ = {isa = PBXFileReference; lastKnownFileType = wrapper.framework; path = FBSDKLoginKit.framework; sourceTree = "<group>"; };
		3C2C4A8B1B04B08600E0E4BF /* FBSDKMessengerShareKit.framework */ = {isa = PBXFileReference; lastKnownFileType = wrapper.framework; path = FBSDKMessengerShareKit.framework; sourceTree = "<group>"; };
		3C2C4A8C1B04B08600E0E4BF /* FBSDKShareKit.framework */ = {isa = PBXFileReference; lastKnownFileType = wrapper.framework; path = FBSDKShareKit.framework; sourceTree = "<group>"; };
		3C2C4C181B04DB2000E0E4BF /* green.png */ = {isa = PBXFileReference; lastKnownFileType = image.png; path = green.png; sourceTree = "<group>"; };
		3C2C4C211B05F73A00E0E4BF /* whiteNoise.wav */ = {isa = PBXFileReference; lastKnownFileType = audio.wav; path = whiteNoise.wav; sourceTree = "<group>"; };
		3C5F97CA1AEBB1F30098F70F /* FlashTape.app */ = {isa = PBXFileReference; explicitFileType = wrapper.application; includeInIndex = 0; path = FlashTape.app; sourceTree = BUILT_PRODUCTS_DIR; };
		3C5F97CE1AEBB1F30098F70F /* Info.plist */ = {isa = PBXFileReference; lastKnownFileType = text.plist.xml; path = Info.plist; sourceTree = "<group>"; };
		3C5F97CF1AEBB1F30098F70F /* main.m */ = {isa = PBXFileReference; lastKnownFileType = sourcecode.c.objc; path = main.m; sourceTree = "<group>"; };
		3C5F97D11AEBB1F30098F70F /* AppDelegate.h */ = {isa = PBXFileReference; lastKnownFileType = sourcecode.c.h; path = AppDelegate.h; sourceTree = "<group>"; };
		3C5F97D21AEBB1F30098F70F /* AppDelegate.m */ = {isa = PBXFileReference; lastKnownFileType = sourcecode.c.objc; path = AppDelegate.m; sourceTree = "<group>"; };
		3C5F97DB1AEBB1F30098F70F /* Base */ = {isa = PBXFileReference; lastKnownFileType = file.storyboard; name = Base; path = Base.lproj/Main.storyboard; sourceTree = "<group>"; };
		3C5F97DD1AEBB1F30098F70F /* Images.xcassets */ = {isa = PBXFileReference; lastKnownFileType = folder.assetcatalog; path = Images.xcassets; sourceTree = "<group>"; };
		3C5F97F71AEBB3530098F70F /* Localizable.strings */ = {isa = PBXFileReference; fileEncoding = 4; lastKnownFileType = text.plist.strings; path = Localizable.strings; sourceTree = "<group>"; };
		3C5F97FD1AEBB4620098F70F /* VideoViewController.h */ = {isa = PBXFileReference; fileEncoding = 4; lastKnownFileType = sourcecode.c.h; path = VideoViewController.h; sourceTree = "<group>"; };
		3C5F97FE1AEBB4620098F70F /* VideoViewController.m */ = {isa = PBXFileReference; fileEncoding = 4; lastKnownFileType = sourcecode.c.objc; path = VideoViewController.m; sourceTree = "<group>"; };
		3C5F98011AEBBC560098F70F /* VideoPost.h */ = {isa = PBXFileReference; fileEncoding = 4; lastKnownFileType = sourcecode.c.h; path = VideoPost.h; sourceTree = "<group>"; };
		3C5F98021AEBBC560098F70F /* VideoPost.m */ = {isa = PBXFileReference; fileEncoding = 4; lastKnownFileType = sourcecode.c.objc; path = VideoPost.m; sourceTree = "<group>"; };
		3C5F980F1AEC1CFF0098F70F /* ConstantUtils.h */ = {isa = PBXFileReference; fileEncoding = 4; lastKnownFileType = sourcecode.c.h; path = ConstantUtils.h; sourceTree = "<group>"; };
		3C5F98101AEC1CFF0098F70F /* ConstantUtils.m */ = {isa = PBXFileReference; fileEncoding = 4; lastKnownFileType = sourcecode.c.objc; path = ConstantUtils.m; sourceTree = "<group>"; };
		3C5F982A1AECDFD30098F70F /* GLKit.framework */ = {isa = PBXFileReference; lastKnownFileType = wrapper.framework; name = GLKit.framework; path = System/Library/Frameworks/GLKit.framework; sourceTree = SDKROOT; };
		3C5F982C1AECDFDA0098F70F /* CoreVideo.framework */ = {isa = PBXFileReference; lastKnownFileType = wrapper.framework; name = CoreVideo.framework; path = System/Library/Frameworks/CoreVideo.framework; sourceTree = SDKROOT; };
		3C5F982E1AECDFE50098F70F /* AudioToolbox.framework */ = {isa = PBXFileReference; lastKnownFileType = wrapper.framework; name = AudioToolbox.framework; path = System/Library/Frameworks/AudioToolbox.framework; sourceTree = SDKROOT; };
		3C5F983E1AECE0380098F70F /* CoreMedia.framework */ = {isa = PBXFileReference; lastKnownFileType = wrapper.framework; name = CoreMedia.framework; path = System/Library/Frameworks/CoreMedia.framework; sourceTree = SDKROOT; };
		3C5F98411AECE05E0098F70F /* CIImageRenderer.h */ = {isa = PBXFileReference; fileEncoding = 4; lastKnownFileType = sourcecode.c.h; path = CIImageRenderer.h; sourceTree = "<group>"; };
		3C5F98421AECE05E0098F70F /* CIImageRendererUtils.h */ = {isa = PBXFileReference; fileEncoding = 4; lastKnownFileType = sourcecode.c.h; path = CIImageRendererUtils.h; sourceTree = "<group>"; };
		3C5F98431AECE05E0098F70F /* CIImageRendererUtils.m */ = {isa = PBXFileReference; fileEncoding = 4; lastKnownFileType = sourcecode.c.objc; path = CIImageRendererUtils.m; sourceTree = "<group>"; };
		3C5F98441AECE05E0098F70F /* SCAssetExportSession.h */ = {isa = PBXFileReference; fileEncoding = 4; lastKnownFileType = sourcecode.c.h; path = SCAssetExportSession.h; sourceTree = "<group>"; };
		3C5F98451AECE05E0098F70F /* SCAssetExportSession.m */ = {isa = PBXFileReference; fileEncoding = 4; lastKnownFileType = sourcecode.c.objc; path = SCAssetExportSession.m; sourceTree = "<group>"; };
		3C5F98461AECE05E0098F70F /* SCAudioConfiguration.h */ = {isa = PBXFileReference; fileEncoding = 4; lastKnownFileType = sourcecode.c.h; path = SCAudioConfiguration.h; sourceTree = "<group>"; };
		3C5F98471AECE05E0098F70F /* SCAudioConfiguration.m */ = {isa = PBXFileReference; fileEncoding = 4; lastKnownFileType = sourcecode.c.objc; path = SCAudioConfiguration.m; sourceTree = "<group>"; };
		3C5F98481AECE05E0098F70F /* SCAudioTools.h */ = {isa = PBXFileReference; fileEncoding = 4; lastKnownFileType = sourcecode.c.h; path = SCAudioTools.h; sourceTree = "<group>"; };
		3C5F98491AECE05E0098F70F /* SCAudioTools.m */ = {isa = PBXFileReference; fileEncoding = 4; lastKnownFileType = sourcecode.c.objc; path = SCAudioTools.m; sourceTree = "<group>"; };
		3C5F984A1AECE05E0098F70F /* SCAudioVideoRecorder-Prefix.pch */ = {isa = PBXFileReference; fileEncoding = 4; lastKnownFileType = sourcecode.c.h; path = "SCAudioVideoRecorder-Prefix.pch"; sourceTree = "<group>"; };
		3C5F984B1AECE05E0098F70F /* SCFilter.h */ = {isa = PBXFileReference; fileEncoding = 4; lastKnownFileType = sourcecode.c.h; path = SCFilter.h; sourceTree = "<group>"; };
		3C5F984C1AECE05E0098F70F /* SCFilter.m */ = {isa = PBXFileReference; fileEncoding = 4; lastKnownFileType = sourcecode.c.objc; path = SCFilter.m; sourceTree = "<group>"; };
		3C5F984D1AECE05E0098F70F /* SCFilterSelectorView.h */ = {isa = PBXFileReference; fileEncoding = 4; lastKnownFileType = sourcecode.c.h; path = SCFilterSelectorView.h; sourceTree = "<group>"; };
		3C5F984E1AECE05E0098F70F /* SCFilterSelectorView.m */ = {isa = PBXFileReference; fileEncoding = 4; lastKnownFileType = sourcecode.c.objc; path = SCFilterSelectorView.m; sourceTree = "<group>"; };
		3C5F984F1AECE05E0098F70F /* SCFilterSelectorViewInternal.h */ = {isa = PBXFileReference; fileEncoding = 4; lastKnownFileType = sourcecode.c.h; path = SCFilterSelectorViewInternal.h; sourceTree = "<group>"; };
		3C5F98501AECE05E0098F70F /* SCImageView.h */ = {isa = PBXFileReference; fileEncoding = 4; lastKnownFileType = sourcecode.c.h; path = SCImageView.h; sourceTree = "<group>"; };
		3C5F98511AECE05E0098F70F /* SCImageView.m */ = {isa = PBXFileReference; fileEncoding = 4; lastKnownFileType = sourcecode.c.objc; path = SCImageView.m; sourceTree = "<group>"; };
		3C5F98521AECE05E0098F70F /* SCMediaTypeConfiguration.h */ = {isa = PBXFileReference; fileEncoding = 4; lastKnownFileType = sourcecode.c.h; path = SCMediaTypeConfiguration.h; sourceTree = "<group>"; };
		3C5F98531AECE05E0098F70F /* SCMediaTypeConfiguration.m */ = {isa = PBXFileReference; fileEncoding = 4; lastKnownFileType = sourcecode.c.objc; path = SCMediaTypeConfiguration.m; sourceTree = "<group>"; };
		3C5F98541AECE05E0098F70F /* SCPhotoConfiguration.h */ = {isa = PBXFileReference; fileEncoding = 4; lastKnownFileType = sourcecode.c.h; path = SCPhotoConfiguration.h; sourceTree = "<group>"; };
		3C5F98551AECE05E0098F70F /* SCPhotoConfiguration.m */ = {isa = PBXFileReference; fileEncoding = 4; lastKnownFileType = sourcecode.c.objc; path = SCPhotoConfiguration.m; sourceTree = "<group>"; };
		3C5F98561AECE05E0098F70F /* SCPlayer.h */ = {isa = PBXFileReference; fileEncoding = 4; lastKnownFileType = sourcecode.c.h; path = SCPlayer.h; sourceTree = "<group>"; };
		3C5F98571AECE05E0098F70F /* SCPlayer.m */ = {isa = PBXFileReference; fileEncoding = 4; lastKnownFileType = sourcecode.c.objc; path = SCPlayer.m; sourceTree = "<group>"; };
		3C5F98581AECE05E0098F70F /* SCRecorder.h */ = {isa = PBXFileReference; fileEncoding = 4; lastKnownFileType = sourcecode.c.h; path = SCRecorder.h; sourceTree = "<group>"; };
		3C5F98591AECE05E0098F70F /* SCRecorder.m */ = {isa = PBXFileReference; fileEncoding = 4; lastKnownFileType = sourcecode.c.objc; path = SCRecorder.m; sourceTree = "<group>"; };
		3C5F985A1AECE05E0098F70F /* SCRecorderDelegate.h */ = {isa = PBXFileReference; fileEncoding = 4; lastKnownFileType = sourcecode.c.h; path = SCRecorderDelegate.h; sourceTree = "<group>"; };
		3C5F985B1AECE05E0098F70F /* SCRecorderFocusTargetView.h */ = {isa = PBXFileReference; fileEncoding = 4; lastKnownFileType = sourcecode.c.h; path = SCRecorderFocusTargetView.h; sourceTree = "<group>"; };
		3C5F985C1AECE05E0098F70F /* SCRecorderFocusTargetView.m */ = {isa = PBXFileReference; fileEncoding = 4; lastKnownFileType = sourcecode.c.objc; path = SCRecorderFocusTargetView.m; sourceTree = "<group>"; };
		3C5F985D1AECE05E0098F70F /* SCRecorderTools.h */ = {isa = PBXFileReference; fileEncoding = 4; lastKnownFileType = sourcecode.c.h; path = SCRecorderTools.h; sourceTree = "<group>"; };
		3C5F985E1AECE05E0098F70F /* SCRecorderTools.m */ = {isa = PBXFileReference; fileEncoding = 4; lastKnownFileType = sourcecode.c.objc; path = SCRecorderTools.m; sourceTree = "<group>"; };
		3C5F985F1AECE05E0098F70F /* SCRecorderToolsView.h */ = {isa = PBXFileReference; fileEncoding = 4; lastKnownFileType = sourcecode.c.h; path = SCRecorderToolsView.h; sourceTree = "<group>"; };
		3C5F98601AECE05E0098F70F /* SCRecorderToolsView.m */ = {isa = PBXFileReference; fileEncoding = 4; lastKnownFileType = sourcecode.c.objc; path = SCRecorderToolsView.m; sourceTree = "<group>"; };
		3C5F98611AECE05E0098F70F /* SCRecordSession_Internal.h */ = {isa = PBXFileReference; fileEncoding = 4; lastKnownFileType = sourcecode.c.h; path = SCRecordSession_Internal.h; sourceTree = "<group>"; };
		3C5F98621AECE05E0098F70F /* SCRecordSession.h */ = {isa = PBXFileReference; fileEncoding = 4; lastKnownFileType = sourcecode.c.h; path = SCRecordSession.h; sourceTree = "<group>"; };
		3C5F98631AECE05E0098F70F /* SCRecordSession.m */ = {isa = PBXFileReference; fileEncoding = 4; lastKnownFileType = sourcecode.c.objc; path = SCRecordSession.m; sourceTree = "<group>"; };
		3C5F98641AECE05E0098F70F /* SCRecordSessionSegment.h */ = {isa = PBXFileReference; fileEncoding = 4; lastKnownFileType = sourcecode.c.h; path = SCRecordSessionSegment.h; sourceTree = "<group>"; };
		3C5F98651AECE05E0098F70F /* SCRecordSessionSegment.m */ = {isa = PBXFileReference; fileEncoding = 4; lastKnownFileType = sourcecode.c.objc; path = SCRecordSessionSegment.m; sourceTree = "<group>"; };
		3C5F98661AECE05E0098F70F /* SCSampleBufferHolder.h */ = {isa = PBXFileReference; fileEncoding = 4; lastKnownFileType = sourcecode.c.h; path = SCSampleBufferHolder.h; sourceTree = "<group>"; };
		3C5F98671AECE05E0098F70F /* SCSampleBufferHolder.m */ = {isa = PBXFileReference; fileEncoding = 4; lastKnownFileType = sourcecode.c.objc; path = SCSampleBufferHolder.m; sourceTree = "<group>"; };
		3C5F98681AECE05E0098F70F /* SCSwipeableFilterView.h */ = {isa = PBXFileReference; fileEncoding = 4; lastKnownFileType = sourcecode.c.h; path = SCSwipeableFilterView.h; sourceTree = "<group>"; };
		3C5F98691AECE05E0098F70F /* SCSwipeableFilterView.m */ = {isa = PBXFileReference; fileEncoding = 4; lastKnownFileType = sourcecode.c.objc; path = SCSwipeableFilterView.m; sourceTree = "<group>"; };
		3C5F986A1AECE05E0098F70F /* SCVideoConfiguration.h */ = {isa = PBXFileReference; fileEncoding = 4; lastKnownFileType = sourcecode.c.h; path = SCVideoConfiguration.h; sourceTree = "<group>"; };
		3C5F986B1AECE05E0098F70F /* SCVideoConfiguration.m */ = {isa = PBXFileReference; fileEncoding = 4; lastKnownFileType = sourcecode.c.objc; path = SCVideoConfiguration.m; sourceTree = "<group>"; };
		3C5F986C1AECE05E0098F70F /* SCVideoPlayerView.h */ = {isa = PBXFileReference; fileEncoding = 4; lastKnownFileType = sourcecode.c.h; path = SCVideoPlayerView.h; sourceTree = "<group>"; };
		3C5F986D1AECE05E0098F70F /* SCVideoPlayerView.m */ = {isa = PBXFileReference; fileEncoding = 4; lastKnownFileType = sourcecode.c.objc; path = SCVideoPlayerView.m; sourceTree = "<group>"; };
		3C5F986E1AECE05E0098F70F /* SCWeakSelectorTarget.h */ = {isa = PBXFileReference; fileEncoding = 4; lastKnownFileType = sourcecode.c.h; path = SCWeakSelectorTarget.h; sourceTree = "<group>"; };
		3C5F986F1AECE05E0098F70F /* SCWeakSelectorTarget.m */ = {isa = PBXFileReference; fileEncoding = 4; lastKnownFileType = sourcecode.c.objc; path = SCWeakSelectorTarget.m; sourceTree = "<group>"; };
		3C5F98871AED15CF0098F70F /* Bolts.framework */ = {isa = PBXFileReference; lastKnownFileType = wrapper.framework; path = Bolts.framework; sourceTree = "<group>"; };
		3C5F98881AED15CF0098F70F /* Parse.framework */ = {isa = PBXFileReference; lastKnownFileType = wrapper.framework; path = Parse.framework; sourceTree = "<group>"; };
		3C5F98891AED15CF0098F70F /* ParseCrashReporting.framework */ = {isa = PBXFileReference; lastKnownFileType = wrapper.framework; path = ParseCrashReporting.framework; sourceTree = "<group>"; };
		3C5F988A1AED15CF0098F70F /* ParseFacebookUtils.framework */ = {isa = PBXFileReference; lastKnownFileType = wrapper.framework; path = ParseFacebookUtils.framework; sourceTree = "<group>"; };
		3C5F988B1AED15CF0098F70F /* ParseFacebookUtilsV4.framework */ = {isa = PBXFileReference; lastKnownFileType = wrapper.framework; path = ParseFacebookUtilsV4.framework; sourceTree = "<group>"; };
		3C5F988C1AED15CF0098F70F /* ParseUI.framework */ = {isa = PBXFileReference; lastKnownFileType = wrapper.framework; path = ParseUI.framework; sourceTree = "<group>"; };
		3C5F98931AED16280098F70F /* CFNetwork.framework */ = {isa = PBXFileReference; lastKnownFileType = wrapper.framework; name = CFNetwork.framework; path = System/Library/Frameworks/CFNetwork.framework; sourceTree = SDKROOT; };
		3C5F98951AED16340098F70F /* CoreGraphics.framework */ = {isa = PBXFileReference; lastKnownFileType = wrapper.framework; name = CoreGraphics.framework; path = System/Library/Frameworks/CoreGraphics.framework; sourceTree = SDKROOT; };
		3C5F98971AED16390098F70F /* CoreLocation.framework */ = {isa = PBXFileReference; lastKnownFileType = wrapper.framework; name = CoreLocation.framework; path = System/Library/Frameworks/CoreLocation.framework; sourceTree = SDKROOT; };
		3C5F98991AED16430098F70F /* MobileCoreServices.framework */ = {isa = PBXFileReference; lastKnownFileType = wrapper.framework; name = MobileCoreServices.framework; path = System/Library/Frameworks/MobileCoreServices.framework; sourceTree = SDKROOT; };
		3C5F989B1AED164B0098F70F /* QuartzCore.framework */ = {isa = PBXFileReference; lastKnownFileType = wrapper.framework; name = QuartzCore.framework; path = System/Library/Frameworks/QuartzCore.framework; sourceTree = SDKROOT; };
		3C5F989D1AED16500098F70F /* Security.framework */ = {isa = PBXFileReference; lastKnownFileType = wrapper.framework; name = Security.framework; path = System/Library/Frameworks/Security.framework; sourceTree = SDKROOT; };
		3C5F989F1AED165D0098F70F /* StoreKit.framework */ = {isa = PBXFileReference; lastKnownFileType = wrapper.framework; name = StoreKit.framework; path = System/Library/Frameworks/StoreKit.framework; sourceTree = SDKROOT; };
		3C5F98A11AED16670098F70F /* SystemConfiguration.framework */ = {isa = PBXFileReference; lastKnownFileType = wrapper.framework; name = SystemConfiguration.framework; path = System/Library/Frameworks/SystemConfiguration.framework; sourceTree = SDKROOT; };
		3C5F98A31AED16760098F70F /* libz.dylib */ = {isa = PBXFileReference; lastKnownFileType = "compiled.mach-o.dylib"; name = libz.dylib; path = usr/lib/libz.dylib; sourceTree = SDKROOT; };
		3C5F98A51AED16810098F70F /* libsqlite3.dylib */ = {isa = PBXFileReference; lastKnownFileType = "compiled.mach-o.dylib"; name = libsqlite3.dylib; path = usr/lib/libsqlite3.dylib; sourceTree = SDKROOT; };
		3C5F98A71AED168B0098F70F /* Accounts.framework */ = {isa = PBXFileReference; lastKnownFileType = wrapper.framework; name = Accounts.framework; path = System/Library/Frameworks/Accounts.framework; sourceTree = SDKROOT; };
		3C5F98A91AED168F0098F70F /* Social.framework */ = {isa = PBXFileReference; lastKnownFileType = wrapper.framework; name = Social.framework; path = System/Library/Frameworks/Social.framework; sourceTree = SDKROOT; };
		3C5F98AB1AED1A930098F70F /* ApiManager.h */ = {isa = PBXFileReference; fileEncoding = 4; lastKnownFileType = sourcecode.c.h; path = ApiManager.h; sourceTree = "<group>"; };
		3C5F98AC1AED1A930098F70F /* ApiManager.m */ = {isa = PBXFileReference; fileEncoding = 4; lastKnownFileType = sourcecode.c.objc; path = ApiManager.m; sourceTree = "<group>"; };
		3C5F98C31AEE7D8D0098F70F /* GeneralUtils.h */ = {isa = PBXFileReference; fileEncoding = 4; lastKnownFileType = sourcecode.c.h; path = GeneralUtils.h; sourceTree = "<group>"; };
		3C5F98C41AEE7D8D0098F70F /* GeneralUtils.m */ = {isa = PBXFileReference; fileEncoding = 4; lastKnownFileType = sourcecode.c.objc; path = GeneralUtils.m; sourceTree = "<group>"; };
		A4CE87551B09133200DC20DC /* NHaasGroteskDSPro-55Rg.ttf */ = {isa = PBXFileReference; lastKnownFileType = file; path = "NHaasGroteskDSPro-55Rg.ttf"; sourceTree = "<group>"; };
		A4CE87561B09133200DC20DC /* NHaasGroteskDSPro-65Md.ttf */ = {isa = PBXFileReference; lastKnownFileType = file; path = "NHaasGroteskDSPro-65Md.ttf"; sourceTree = "<group>"; };
		A4CE87571B09133200DC20DC /* NHaasGroteskDSPro-75Bd.ttf */ = {isa = PBXFileReference; lastKnownFileType = file; path = "NHaasGroteskDSPro-75Bd.ttf"; sourceTree = "<group>"; };
		A4CE87651B0920A900DC20DC /* UICustomLineLabel.h */ = {isa = PBXFileReference; fileEncoding = 4; lastKnownFileType = sourcecode.c.h; path = UICustomLineLabel.h; sourceTree = "<group>"; };
		A4CE87661B0920A900DC20DC /* UICustomLineLabel.m */ = {isa = PBXFileReference; fileEncoding = 4; lastKnownFileType = sourcecode.c.objc; path = UICustomLineLabel.m; sourceTree = "<group>"; };
/* End PBXFileReference section */

/* Begin PBXFrameworksBuildPhase section */
		3C5F97C71AEBB1F30098F70F /* Frameworks */ = {
			isa = PBXFrameworksBuildPhase;
			buildActionMask = 2147483647;
			files = (
				3C2C4A771AFFE2D600E0E4BF /* libstdc++.6.0.9.dylib in Frameworks */,
				3C5F98AA1AED168F0098F70F /* Social.framework in Frameworks */,
				3C5F98A81AED168B0098F70F /* Accounts.framework in Frameworks */,
				3C5F98A61AED16810098F70F /* libsqlite3.dylib in Frameworks */,
				3C5F98A41AED16760098F70F /* libz.dylib in Frameworks */,
				3C5F98A21AED16670098F70F /* SystemConfiguration.framework in Frameworks */,
				3C5F98A01AED165D0098F70F /* StoreKit.framework in Frameworks */,
				3C5F989E1AED16500098F70F /* Security.framework in Frameworks */,
				3C5F989C1AED164B0098F70F /* QuartzCore.framework in Frameworks */,
				3C5F989A1AED16430098F70F /* MobileCoreServices.framework in Frameworks */,
				3C5F98981AED16390098F70F /* CoreLocation.framework in Frameworks */,
				3C2C4B7B1B04B08700E0E4BF /* FBSDKLoginKit.framework in Frameworks */,
				3C5F98961AED16340098F70F /* CoreGraphics.framework in Frameworks */,
				3C5F98941AED16280098F70F /* CFNetwork.framework in Frameworks */,
				3C2C4B7D1B04B08700E0E4BF /* FBSDKShareKit.framework in Frameworks */,
				3C2C4B781B04B08700E0E4BF /* FBAudienceNetwork.framework in Frameworks */,
				3C5F988D1AED15CF0098F70F /* Bolts.framework in Frameworks */,
				3C5F983F1AECE0380098F70F /* CoreMedia.framework in Frameworks */,
				3C2C4B761B04B08700E0E4BF /* Bolts.framework in Frameworks */,
				3C5F98921AED15CF0098F70F /* ParseUI.framework in Frameworks */,
				3C5F982F1AECDFE50098F70F /* AudioToolbox.framework in Frameworks */,
				3C2C4B7C1B04B08700E0E4BF /* FBSDKMessengerShareKit.framework in Frameworks */,
				3C5F982D1AECDFDA0098F70F /* CoreVideo.framework in Frameworks */,
				3C5F988E1AED15CF0098F70F /* Parse.framework in Frameworks */,
				3C2C4B7A1B04B08700E0E4BF /* FBSDKCoreKit.framework in Frameworks */,
				3C5F98911AED15CF0098F70F /* ParseFacebookUtilsV4.framework in Frameworks */,
				3C5F988F1AED15CF0098F70F /* ParseCrashReporting.framework in Frameworks */,
				3C5F98901AED15CF0098F70F /* ParseFacebookUtils.framework in Frameworks */,
				3C5F982B1AECDFD30098F70F /* GLKit.framework in Frameworks */,
			);
			runOnlyForDeploymentPostprocessing = 0;
		};
/* End PBXFrameworksBuildPhase section */

/* Begin PBXGroup section */
		3C2C4A281AFB592100E0E4BF /* RMPhoneFormat */ = {
			isa = PBXGroup;
			children = (
				3C2C4A291AFB592C00E0E4BF /* RMPhoneFormat.h */,
				3C2C4A2A1AFB592C00E0E4BF /* RMPhoneFormat.m */,
			);
			name = RMPhoneFormat;
			sourceTree = "<group>";
		};
		3C2C4A2C1AFB5A2C00E0E4BF /* libPhoneNumber-iOS */ = {
			isa = PBXGroup;
			children = (
				3C2C4A551AFB701D00E0E4BF /* NBPhoneNumberMetadata.plist */,
				3C2C4A561AFB701D00E0E4BF /* NBPhoneNumberMetadataForTesting.plist */,
				3C2C4A511AFB6F8E00E0E4BF /* PhoneNumberMetaData.json */,
				3C2C4A531AFB6FDB00E0E4BF /* PhoneNumberMetaDataForTesting.json */,
				3C2C4A2D1AFB5A3B00E0E4BF /* NBAsYouTypeFormatter.h */,
				3C2C4A2E1AFB5A3B00E0E4BF /* NBAsYouTypeFormatter.m */,
				3C2C4A2F1AFB5A3B00E0E4BF /* NBNumberFormat.h */,
				3C2C4A301AFB5A3B00E0E4BF /* NBNumberFormat.m */,
				3C2C4A311AFB5A3B00E0E4BF /* NBPhoneMetaData.h */,
				3C2C4A321AFB5A3B00E0E4BF /* NBPhoneMetaData.m */,
				3C2C4A331AFB5A3B00E0E4BF /* NBPhoneMetaDataGenerator.h */,
				3C2C4A341AFB5A3B00E0E4BF /* NBPhoneMetaDataGenerator.m */,
				3C2C4A351AFB5A3B00E0E4BF /* NBPhoneNumber.h */,
				3C2C4A361AFB5A3B00E0E4BF /* NBPhoneNumber.m */,
				3C2C4A371AFB5A3B00E0E4BF /* NBPhoneNumberDefines.h */,
				3C2C4A381AFB5A3B00E0E4BF /* NBPhoneNumberDesc.h */,
				3C2C4A391AFB5A3B00E0E4BF /* NBPhoneNumberDesc.m */,
				3C2C4A3A1AFB5A3B00E0E4BF /* NBPhoneNumberUtil.h */,
				3C2C4A3B1AFB5A3B00E0E4BF /* NBPhoneNumberUtil.m */,
				3C2C4A3C1AFB5A3B00E0E4BF /* NSArray+NBAdditions.h */,
				3C2C4A3D1AFB5A3B00E0E4BF /* NSArray+NBAdditions.m */,
			);
			name = "libPhoneNumber-iOS";
			sourceTree = "<group>";
		};
		3C2C4A461AFB5A7C00E0E4BF /* MBProgressHUD */ = {
			isa = PBXGroup;
			children = (
				3C2C4A471AFB5A8600E0E4BF /* MBProgressHUD.h */,
				3C2C4A481AFB5A8600E0E4BF /* MBProgressHUD.m */,
			);
			name = MBProgressHUD;
			sourceTree = "<group>";
		};
		3C2C4A5F1AFE231500E0E4BF /* DateTools */ = {
			isa = PBXGroup;
			children = (
				3C2C4A601AFE231F00E0E4BF /* DateTools.bundle */,
				3C2C4A611AFE231F00E0E4BF /* DateTools.h */,
				3C2C4A621AFE231F00E0E4BF /* DTConstants.h */,
				3C2C4A631AFE231F00E0E4BF /* DTError.h */,
				3C2C4A641AFE231F00E0E4BF /* DTError.m */,
				3C2C4A651AFE231F00E0E4BF /* DTTimePeriod.h */,
				3C2C4A661AFE231F00E0E4BF /* DTTimePeriod.m */,
				3C2C4A671AFE231F00E0E4BF /* DTTimePeriodChain.h */,
				3C2C4A681AFE231F00E0E4BF /* DTTimePeriodChain.m */,
				3C2C4A691AFE231F00E0E4BF /* DTTimePeriodCollection.h */,
				3C2C4A6A1AFE231F00E0E4BF /* DTTimePeriodCollection.m */,
				3C2C4A6B1AFE231F00E0E4BF /* DTTimePeriodGroup.h */,
				3C2C4A6C1AFE231F00E0E4BF /* DTTimePeriodGroup.m */,
				3C2C4A6D1AFE231F00E0E4BF /* NSDate+DateTools.h */,
				3C2C4A6E1AFE231F00E0E4BF /* NSDate+DateTools.m */,
			);
			name = DateTools;
			sourceTree = "<group>";
		};
		3C2C4A841B04B08600E0E4BF /* FacebookSDK */ = {
			isa = PBXGroup;
			children = (
				3C2C4A851B04B08600E0E4BF /* Bolts.framework */,
				3C2C4A861B04B08600E0E4BF /* FacebookSDK.strings */,
				3C2C4A871B04B08600E0E4BF /* FBAudienceNetwork.framework */,
				3C2C4A891B04B08600E0E4BF /* FBSDKCoreKit.framework */,
				3C2C4A8A1B04B08600E0E4BF /* FBSDKLoginKit.framework */,
				3C2C4A8B1B04B08600E0E4BF /* FBSDKMessengerShareKit.framework */,
				3C2C4A8C1B04B08600E0E4BF /* FBSDKShareKit.framework */,
			);
			path = FacebookSDK;
			sourceTree = "<group>";
		};
		3C2C4C231B09D2DC00E0E4BF /* CustomLine */ = {
			isa = PBXGroup;
			children = (
				A4CE87651B0920A900DC20DC /* UICustomLineLabel.h */,
				A4CE87661B0920A900DC20DC /* UICustomLineLabel.m */,
			);
			name = CustomLine;
			sourceTree = "<group>";
		};
		3C5F97C11AEBB1F30098F70F = {
			isa = PBXGroup;
			children = (
				3C5F98861AED159A0098F70F /* Frameworks */,
				3C5F97CC1AEBB1F30098F70F /* FlashTape */,
				3C5F97CB1AEBB1F30098F70F /* Products */,
			);
			sourceTree = "<group>";
		};
		3C5F97CB1AEBB1F30098F70F /* Products */ = {
			isa = PBXGroup;
			children = (
				3C5F97CA1AEBB1F30098F70F /* FlashTape.app */,
			);
			name = Products;
			sourceTree = "<group>";
		};
		3C5F97CC1AEBB1F30098F70F /* FlashTape */ = {
			isa = PBXGroup;
			children = (
				3C5F97D11AEBB1F30098F70F /* AppDelegate.h */,
				3C5F97D21AEBB1F30098F70F /* AppDelegate.m */,
				3C5F97F61AEBB3140098F70F /* Ressources */,
				3C5F97FA1AEBB3950098F70F /* Backend */,
				3C5F97FB1AEBB3990098F70F /* Utils */,
				3C5F97FC1AEBB3B60098F70F /* Views */,
				3C5F97F91AEBB3810098F70F /* Controllers */,
				3C5F98141AEC343B0098F70F /* 3rdParty */,
				3C5F97CD1AEBB1F30098F70F /* Supporting Files */,
			);
			path = FlashTape;
			sourceTree = "<group>";
		};
		3C5F97CD1AEBB1F30098F70F /* Supporting Files */ = {
			isa = PBXGroup;
			children = (
				3C5F97CE1AEBB1F30098F70F /* Info.plist */,
				3C5F97CF1AEBB1F30098F70F /* main.m */,
				3C5F97F71AEBB3530098F70F /* Localizable.strings */,
			);
			name = "Supporting Files";
			sourceTree = "<group>";
		};
		3C5F97F61AEBB3140098F70F /* Ressources */ = {
			isa = PBXGroup;
			children = (
				3C5F97DA1AEBB1F30098F70F /* Main.storyboard */,
				3C5F97DD1AEBB1F30098F70F /* Images.xcassets */,
				3C2C4A591AFBD04600E0E4BF /* PushNoAnimationSegue.h */,
				3C2C4A5A1AFBD04600E0E4BF /* PushNoAnimationSegue.m */,
				3C2C4A4D1AFB5EB000E0E4BF /* PhoneCountries.txt */,
				3C2C4A4E1AFB5EB000E0E4BF /* PhoneFormats.dat */,
				3C2C4C181B04DB2000E0E4BF /* green.png */,
				3C2C4C211B05F73A00E0E4BF /* whiteNoise.wav */,
				A4CE87581B09133800DC20DC /* Fonts */,
			);
			name = Ressources;
			sourceTree = "<group>";
		};
		3C5F97F91AEBB3810098F70F /* Controllers */ = {
			isa = PBXGroup;
			children = (
				3C2C4A151AFA635800E0E4BF /* WelcomeViewController.h */,
				3C2C4A161AFA635800E0E4BF /* WelcomeViewController.m */,
				3C2C4A1B1AFA637200E0E4BF /* RequestPhoneViewController.h */,
				3C2C4A1C1AFA637200E0E4BF /* RequestPhoneViewController.m */,
				3C2C4A4A1AFB5E1800E0E4BF /* CountryCodeTableViewController.h */,
				3C2C4A4B1AFB5E1800E0E4BF /* CountryCodeTableViewController.m */,
				3C2C4A1F1AFB564D00E0E4BF /* CodeConfirmationViewController.h */,
				3C2C4A201AFB564D00E0E4BF /* CodeConfirmationViewController.m */,
				3C5F97FD1AEBB4620098F70F /* VideoViewController.h */,
				3C5F97FE1AEBB4620098F70F /* VideoViewController.m */,
				3C2C4A801B036F7500E0E4BF /* FriendsViewController.h */,
				3C2C4A811B036F7500E0E4BF /* FriendsViewController.m */,
			);
			name = Controllers;
			sourceTree = "<group>";
		};
		3C5F97FA1AEBB3950098F70F /* Backend */ = {
			isa = PBXGroup;
			children = (
				3C5F98AB1AED1A930098F70F /* ApiManager.h */,
				3C5F98AC1AED1A930098F70F /* ApiManager.m */,
				3C5F98011AEBBC560098F70F /* VideoPost.h */,
				3C5F98021AEBBC560098F70F /* VideoPost.m */,
				3C2C4A061AFA2A1600E0E4BF /* User.h */,
				3C2C4A071AFA2A1600E0E4BF /* User.m */,
			);
			name = Backend;
			sourceTree = "<group>";
		};
		3C5F97FB1AEBB3990098F70F /* Utils */ = {
			isa = PBXGroup;
			children = (
				3C5F980F1AEC1CFF0098F70F /* ConstantUtils.h */,
				3C5F98101AEC1CFF0098F70F /* ConstantUtils.m */,
				3C5F98C31AEE7D8D0098F70F /* GeneralUtils.h */,
				3C5F98C41AEE7D8D0098F70F /* GeneralUtils.m */,
				3C2C4A091AFA5CD000E0E4BF /* ColorUtils.h */,
				3C2C4A0A1AFA5CD000E0E4BF /* ColorUtils.m */,
				3C2C4A251AFB583B00E0E4BF /* AddressbookUtils.h */,
				3C2C4A261AFB583B00E0E4BF /* AddressbookUtils.m */,
				3C2C4A791AFFECB600E0E4BF /* TrackingUtils.h */,
				3C2C4A7A1AFFECB600E0E4BF /* TrackingUtils.m */,
			);
			name = Utils;
			sourceTree = "<group>";
		};
		3C5F97FC1AEBB3B60098F70F /* Views */ = {
			isa = PBXGroup;
			children = (
				3C1ECE4A1B0BD4D7004F7F02 /* CaptionTextView.h */,
				3C1ECE4B1B0BD4D7004F7F02 /* CaptionTextView.m */,
			);
			name = Views;
			sourceTree = "<group>";
		};
		3C5F98141AEC343B0098F70F /* 3rdParty */ = {
			isa = PBXGroup;
			children = (
				3C2C4C231B09D2DC00E0E4BF /* CustomLine */,
				3C2C4A5F1AFE231500E0E4BF /* DateTools */,
				3C2C4A461AFB5A7C00E0E4BF /* MBProgressHUD */,
				3C2C4A2C1AFB5A2C00E0E4BF /* libPhoneNumber-iOS */,
				3C2C4A281AFB592100E0E4BF /* RMPhoneFormat */,
				3C5F98401AECE04F0098F70F /* SCRecorder */,
			);
			name = 3rdParty;
			sourceTree = "<group>";
		};
		3C5F98401AECE04F0098F70F /* SCRecorder */ = {
			isa = PBXGroup;
			children = (
				3C5F98411AECE05E0098F70F /* CIImageRenderer.h */,
				3C5F98421AECE05E0098F70F /* CIImageRendererUtils.h */,
				3C5F98431AECE05E0098F70F /* CIImageRendererUtils.m */,
				3C5F98441AECE05E0098F70F /* SCAssetExportSession.h */,
				3C5F98451AECE05E0098F70F /* SCAssetExportSession.m */,
				3C5F98461AECE05E0098F70F /* SCAudioConfiguration.h */,
				3C5F98471AECE05E0098F70F /* SCAudioConfiguration.m */,
				3C5F98481AECE05E0098F70F /* SCAudioTools.h */,
				3C5F98491AECE05E0098F70F /* SCAudioTools.m */,
				3C5F984A1AECE05E0098F70F /* SCAudioVideoRecorder-Prefix.pch */,
				3C5F984B1AECE05E0098F70F /* SCFilter.h */,
				3C5F984C1AECE05E0098F70F /* SCFilter.m */,
				3C5F984D1AECE05E0098F70F /* SCFilterSelectorView.h */,
				3C5F984E1AECE05E0098F70F /* SCFilterSelectorView.m */,
				3C5F984F1AECE05E0098F70F /* SCFilterSelectorViewInternal.h */,
				3C5F98501AECE05E0098F70F /* SCImageView.h */,
				3C5F98511AECE05E0098F70F /* SCImageView.m */,
				3C5F98521AECE05E0098F70F /* SCMediaTypeConfiguration.h */,
				3C5F98531AECE05E0098F70F /* SCMediaTypeConfiguration.m */,
				3C5F98541AECE05E0098F70F /* SCPhotoConfiguration.h */,
				3C5F98551AECE05E0098F70F /* SCPhotoConfiguration.m */,
				3C5F98561AECE05E0098F70F /* SCPlayer.h */,
				3C5F98571AECE05E0098F70F /* SCPlayer.m */,
				3C5F98581AECE05E0098F70F /* SCRecorder.h */,
				3C5F98591AECE05E0098F70F /* SCRecorder.m */,
				3C5F985A1AECE05E0098F70F /* SCRecorderDelegate.h */,
				3C5F985B1AECE05E0098F70F /* SCRecorderFocusTargetView.h */,
				3C5F985C1AECE05E0098F70F /* SCRecorderFocusTargetView.m */,
				3C5F985D1AECE05E0098F70F /* SCRecorderTools.h */,
				3C5F985E1AECE05E0098F70F /* SCRecorderTools.m */,
				3C5F985F1AECE05E0098F70F /* SCRecorderToolsView.h */,
				3C5F98601AECE05E0098F70F /* SCRecorderToolsView.m */,
				3C5F98611AECE05E0098F70F /* SCRecordSession_Internal.h */,
				3C5F98621AECE05E0098F70F /* SCRecordSession.h */,
				3C5F98631AECE05E0098F70F /* SCRecordSession.m */,
				3C5F98641AECE05E0098F70F /* SCRecordSessionSegment.h */,
				3C5F98651AECE05E0098F70F /* SCRecordSessionSegment.m */,
				3C5F98661AECE05E0098F70F /* SCSampleBufferHolder.h */,
				3C5F98671AECE05E0098F70F /* SCSampleBufferHolder.m */,
				3C5F98681AECE05E0098F70F /* SCSwipeableFilterView.h */,
				3C5F98691AECE05E0098F70F /* SCSwipeableFilterView.m */,
				3C5F986A1AECE05E0098F70F /* SCVideoConfiguration.h */,
				3C5F986B1AECE05E0098F70F /* SCVideoConfiguration.m */,
				3C5F986C1AECE05E0098F70F /* SCVideoPlayerView.h */,
				3C5F986D1AECE05E0098F70F /* SCVideoPlayerView.m */,
				3C5F986E1AECE05E0098F70F /* SCWeakSelectorTarget.h */,
				3C5F986F1AECE05E0098F70F /* SCWeakSelectorTarget.m */,
			);
			name = SCRecorder;
			sourceTree = "<group>";
		};
		3C5F98861AED159A0098F70F /* Frameworks */ = {
			isa = PBXGroup;
			children = (
				3C2C4A761AFFE2D600E0E4BF /* libstdc++.6.0.9.dylib */,
				3C2C4A841B04B08600E0E4BF /* FacebookSDK */,
				3C5F98A91AED168F0098F70F /* Social.framework */,
				3C5F98A71AED168B0098F70F /* Accounts.framework */,
				3C5F98A51AED16810098F70F /* libsqlite3.dylib */,
				3C5F98A31AED16760098F70F /* libz.dylib */,
				3C5F98A11AED16670098F70F /* SystemConfiguration.framework */,
				3C5F989F1AED165D0098F70F /* StoreKit.framework */,
				3C5F989D1AED16500098F70F /* Security.framework */,
				3C5F989B1AED164B0098F70F /* QuartzCore.framework */,
				3C5F98991AED16430098F70F /* MobileCoreServices.framework */,
				3C5F98971AED16390098F70F /* CoreLocation.framework */,
				3C5F98951AED16340098F70F /* CoreGraphics.framework */,
				3C5F98931AED16280098F70F /* CFNetwork.framework */,
				3C5F98871AED15CF0098F70F /* Bolts.framework */,
				3C5F98881AED15CF0098F70F /* Parse.framework */,
				3C5F98891AED15CF0098F70F /* ParseCrashReporting.framework */,
				3C5F988A1AED15CF0098F70F /* ParseFacebookUtils.framework */,
				3C5F988B1AED15CF0098F70F /* ParseFacebookUtilsV4.framework */,
				3C5F988C1AED15CF0098F70F /* ParseUI.framework */,
				3C5F983E1AECE0380098F70F /* CoreMedia.framework */,
				3C5F982E1AECDFE50098F70F /* AudioToolbox.framework */,
				3C5F982C1AECDFDA0098F70F /* CoreVideo.framework */,
				3C5F982A1AECDFD30098F70F /* GLKit.framework */,
			);
			name = Frameworks;
			sourceTree = "<group>";
		};
		A4CE87581B09133800DC20DC /* Fonts */ = {
			isa = PBXGroup;
			children = (
				A4CE87551B09133200DC20DC /* NHaasGroteskDSPro-55Rg.ttf */,
				A4CE87561B09133200DC20DC /* NHaasGroteskDSPro-65Md.ttf */,
				A4CE87571B09133200DC20DC /* NHaasGroteskDSPro-75Bd.ttf */,
			);
			name = Fonts;
			sourceTree = "<group>";
		};
/* End PBXGroup section */

/* Begin PBXNativeTarget section */
		3C5F97C91AEBB1F30098F70F /* FlashTape */ = {
			isa = PBXNativeTarget;
			buildConfigurationList = 3C5F97F01AEBB1F30098F70F /* Build configuration list for PBXNativeTarget "FlashTape" */;
			buildPhases = (
				3C5F97C61AEBB1F30098F70F /* Sources */,
				3C5F97C71AEBB1F30098F70F /* Frameworks */,
				3C5F97C81AEBB1F30098F70F /* Resources */,
				3C2C4A781AFFE5FF00E0E4BF /* Run Script */,
			);
			buildRules = (
			);
			dependencies = (
			);
			name = FlashTape;
			productName = FlashTape;
			productReference = 3C5F97CA1AEBB1F30098F70F /* FlashTape.app */;
			productType = "com.apple.product-type.application";
		};
/* End PBXNativeTarget section */

/* Begin PBXProject section */
		3C5F97C21AEBB1F30098F70F /* Project object */ = {
			isa = PBXProject;
			attributes = {
				LastUpgradeCheck = 0630;
				ORGANIZATIONNAME = Mindie;
				TargetAttributes = {
					3C5F97C91AEBB1F30098F70F = {
						CreatedOnToolsVersion = 6.3.1;
						DevelopmentTeam = 86N86JY2JG;
					};
				};
			};
			buildConfigurationList = 3C5F97C51AEBB1F30098F70F /* Build configuration list for PBXProject "FlashTape" */;
			compatibilityVersion = "Xcode 3.2";
			developmentRegion = English;
			hasScannedForEncodings = 0;
			knownRegions = (
				en,
				Base,
			);
			mainGroup = 3C5F97C11AEBB1F30098F70F;
			productRefGroup = 3C5F97CB1AEBB1F30098F70F /* Products */;
			projectDirPath = "";
			projectRoot = "";
			targets = (
				3C5F97C91AEBB1F30098F70F /* FlashTape */,
			);
		};
/* End PBXProject section */

/* Begin PBXResourcesBuildPhase section */
		3C5F97C81AEBB1F30098F70F /* Resources */ = {
			isa = PBXResourcesBuildPhase;
			buildActionMask = 2147483647;
			files = (
				A4CE87591B0913DE00DC20DC /* NHaasGroteskDSPro-55Rg.ttf in Resources */,
				A4CE875A1B0913DE00DC20DC /* NHaasGroteskDSPro-65Md.ttf in Resources */,
				A4CE875B1B0913DE00DC20DC /* NHaasGroteskDSPro-75Bd.ttf in Resources */,
				3C5F97DC1AEBB1F30098F70F /* Main.storyboard in Resources */,
				3C2C4A571AFB701D00E0E4BF /* NBPhoneNumberMetadata.plist in Resources */,
				3C5F97F81AEBB3530098F70F /* Localizable.strings in Resources */,
				3C2C4A521AFB6F8E00E0E4BF /* PhoneNumberMetaData.json in Resources */,
				3C2C4A4F1AFB5EB000E0E4BF /* PhoneCountries.txt in Resources */,
				3C2C4C1D1B04DB2000E0E4BF /* green.png in Resources */,
				3C2C4A541AFB6FDB00E0E4BF /* PhoneNumberMetaDataForTesting.json in Resources */,
				3C2C4A501AFB5EB000E0E4BF /* PhoneFormats.dat in Resources */,
				3C2C4B771B04B08700E0E4BF /* FacebookSDK.strings in Resources */,
				3C2C4A581AFB701D00E0E4BF /* NBPhoneNumberMetadataForTesting.plist in Resources */,
				3C5F97DE1AEBB1F30098F70F /* Images.xcassets in Resources */,
				3C2C4A6F1AFE231F00E0E4BF /* DateTools.bundle in Resources */,
				3C2C4C221B05F73A00E0E4BF /* whiteNoise.wav in Resources */,
			);
			runOnlyForDeploymentPostprocessing = 0;
		};
/* End PBXResourcesBuildPhase section */

/* Begin PBXShellScriptBuildPhase section */
		3C2C4A781AFFE5FF00E0E4BF /* Run Script */ = {
			isa = PBXShellScriptBuildPhase;
			buildActionMask = 2147483647;
			files = (
			);
			inputPaths = (
				"$(DWARF_DSYM_FOLDER_PATH)/$(DWARF_DSYM_FILE_NAME)",
			);
			name = "Run Script";
			outputPaths = (
				"$(DERIVED_FILE_DIR)/ParseCrashReporting.txt",
			);
			runOnlyForDeploymentPostprocessing = 0;
			shellPath = /bin/sh;
			shellScript = "CLOUD_CODE_DIR=${PROJECT_DIR}/ParseCloudCode\n\nif [ -d ${CLOUD_CODE_DIR} ]; then\ncd ${CLOUD_CODE_DIR}\n/usr/local/bin/parse symbols \"${DWARF_DSYM_FOLDER_PATH}/${DWARF_DSYM_FILE_NAME}\"\nelse\necho \"Unable to upload symbols. The Parse Cloud Code folder must be created.\"\necho \"Please run 'parse new ParseCloudCode' in ${PROJECT_DIR}\"\necho \"Docs: https://www.parse.com/apps/quickstart#analytics/crashreporting/ios\"\nfi\n\ntouch \"${SCRIPT_OUTPUT_FILE_0}\"\n";
		};
/* End PBXShellScriptBuildPhase section */

/* Begin PBXSourcesBuildPhase section */
		3C5F97C61AEBB1F30098F70F /* Sources */ = {
			isa = PBXSourcesBuildPhase;
			buildActionMask = 2147483647;
			files = (
				3C2C4A7B1AFFECB600E0E4BF /* TrackingUtils.m in Sources */,
				3C5F98AD1AED1A930098F70F /* ApiManager.m in Sources */,
				3C2C4A5B1AFBD04600E0E4BF /* PushNoAnimationSegue.m in Sources */,
				3C2C4A0B1AFA5CD000E0E4BF /* ColorUtils.m in Sources */,
				3C2C4A721AFE231F00E0E4BF /* DTTimePeriodChain.m in Sources */,
				3C2C4A711AFE231F00E0E4BF /* DTTimePeriod.m in Sources */,
				3C2C4A741AFE231F00E0E4BF /* DTTimePeriodGroup.m in Sources */,
				3C5F97D31AEBB1F30098F70F /* AppDelegate.m in Sources */,
				3C5F98841AECE05E0098F70F /* SCWeakSelectorTarget.m in Sources */,
				3C5F987F1AECE05E0098F70F /* SCRecordSessionSegment.m in Sources */,
				3C2C4A701AFE231F00E0E4BF /* DTError.m in Sources */,
				3C5F97D01AEBB1F30098F70F /* main.m in Sources */,
				3C5F97FF1AEBB4620098F70F /* VideoViewController.m in Sources */,
				3C2C4A751AFE231F00E0E4BF /* NSDate+DateTools.m in Sources */,
				3C5F98721AECE05E0098F70F /* SCAudioConfiguration.m in Sources */,
				3C2C4A1D1AFA637200E0E4BF /* RequestPhoneViewController.m in Sources */,
				3C2C4A431AFB5A3B00E0E4BF /* NBPhoneNumberDesc.m in Sources */,
				3C5F98031AEBBC560098F70F /* VideoPost.m in Sources */,
				3C5F98821AECE05E0098F70F /* SCVideoConfiguration.m in Sources */,
				3C5F98731AECE05E0098F70F /* SCAudioTools.m in Sources */,
				3C2C4A081AFA2A1600E0E4BF /* User.m in Sources */,
				3C5F98801AECE05E0098F70F /* SCSampleBufferHolder.m in Sources */,
				3C5F98761AECE05E0098F70F /* SCImageView.m in Sources */,
				3C5F987D1AECE05E0098F70F /* SCRecorderToolsView.m in Sources */,
				3C5F98791AECE05E0098F70F /* SCPlayer.m in Sources */,
				3C2C4A271AFB583B00E0E4BF /* AddressbookUtils.m in Sources */,
				3C1ECE4C1B0BD4D7004F7F02 /* CaptionTextView.m in Sources */,
				3C2C4A3F1AFB5A3B00E0E4BF /* NBNumberFormat.m in Sources */,
				3C5F98711AECE05E0098F70F /* SCAssetExportSession.m in Sources */,
				3C5F98701AECE05E0098F70F /* CIImageRendererUtils.m in Sources */,
				3C5F98781AECE05E0098F70F /* SCPhotoConfiguration.m in Sources */,
				A4CE87671B0920A900DC20DC /* UICustomLineLabel.m in Sources */,
				3C2C4A491AFB5A8600E0E4BF /* MBProgressHUD.m in Sources */,
				3C2C4A411AFB5A3B00E0E4BF /* NBPhoneMetaDataGenerator.m in Sources */,
				3C5F987A1AECE05E0098F70F /* SCRecorder.m in Sources */,
				3C2C4A3E1AFB5A3B00E0E4BF /* NBAsYouTypeFormatter.m in Sources */,
				3C2C4A451AFB5A3B00E0E4BF /* NSArray+NBAdditions.m in Sources */,
				3C5F98751AECE05E0098F70F /* SCFilterSelectorView.m in Sources */,
				3C5F98C51AEE7D8D0098F70F /* GeneralUtils.m in Sources */,
				3C2C4A421AFB5A3B00E0E4BF /* NBPhoneNumber.m in Sources */,
				3C2C4A441AFB5A3B00E0E4BF /* NBPhoneNumberUtil.m in Sources */,
				3C2C4A731AFE231F00E0E4BF /* DTTimePeriodCollection.m in Sources */,
				3C5F987C1AECE05E0098F70F /* SCRecorderTools.m in Sources */,
				3C5F98831AECE05E0098F70F /* SCVideoPlayerView.m in Sources */,
				3C5F987B1AECE05E0098F70F /* SCRecorderFocusTargetView.m in Sources */,
				3C2C4A401AFB5A3B00E0E4BF /* NBPhoneMetaData.m in Sources */,
				3C5F98741AECE05E0098F70F /* SCFilter.m in Sources */,
				3C2C4A211AFB564D00E0E4BF /* CodeConfirmationViewController.m in Sources */,
				3C2C4A4C1AFB5E1800E0E4BF /* CountryCodeTableViewController.m in Sources */,
				3C5F98111AEC1CFF0098F70F /* ConstantUtils.m in Sources */,
				3C2C4A2B1AFB592C00E0E4BF /* RMPhoneFormat.m in Sources */,
				3C2C4A821B036F7500E0E4BF /* FriendsViewController.m in Sources */,
				3C5F98811AECE05E0098F70F /* SCSwipeableFilterView.m in Sources */,
				3C2C4A171AFA635800E0E4BF /* WelcomeViewController.m in Sources */,
				3C5F98771AECE05E0098F70F /* SCMediaTypeConfiguration.m in Sources */,
				3C5F987E1AECE05E0098F70F /* SCRecordSession.m in Sources */,
			);
			runOnlyForDeploymentPostprocessing = 0;
		};
/* End PBXSourcesBuildPhase section */

/* Begin PBXVariantGroup section */
		3C5F97DA1AEBB1F30098F70F /* Main.storyboard */ = {
			isa = PBXVariantGroup;
			children = (
				3C5F97DB1AEBB1F30098F70F /* Base */,
			);
			name = Main.storyboard;
			sourceTree = "<group>";
		};
/* End PBXVariantGroup section */

/* Begin XCBuildConfiguration section */
		3C5F97EE1AEBB1F30098F70F /* Debug */ = {
			isa = XCBuildConfiguration;
			buildSettings = {
				ALWAYS_SEARCH_USER_PATHS = NO;
				CLANG_CXX_LANGUAGE_STANDARD = "gnu++0x";
				CLANG_CXX_LIBRARY = "libc++";
				CLANG_ENABLE_MODULES = YES;
				CLANG_ENABLE_OBJC_ARC = YES;
				CLANG_WARN_BOOL_CONVERSION = YES;
				CLANG_WARN_CONSTANT_CONVERSION = YES;
				CLANG_WARN_DIRECT_OBJC_ISA_USAGE = YES_ERROR;
				CLANG_WARN_EMPTY_BODY = YES;
				CLANG_WARN_ENUM_CONVERSION = YES;
				CLANG_WARN_INT_CONVERSION = YES;
				CLANG_WARN_OBJC_ROOT_CLASS = YES_ERROR;
				CLANG_WARN_UNREACHABLE_CODE = YES;
				CLANG_WARN__DUPLICATE_METHOD_MATCH = YES;
				CODE_SIGN_IDENTITY = "iPhone Developer: Mitch Buchannon (NMWVMQS5Z5)";
				"CODE_SIGN_IDENTITY[sdk=iphoneos*]" = "iPhone Developer: Mitch Buchannon (NMWVMQS5Z5)";
				COPY_PHASE_STRIP = NO;
				DEBUG_INFORMATION_FORMAT = "dwarf-with-dsym";
				ENABLE_STRICT_OBJC_MSGSEND = YES;
				GCC_C_LANGUAGE_STANDARD = gnu99;
				GCC_DYNAMIC_NO_PIC = NO;
				GCC_NO_COMMON_BLOCKS = YES;
				GCC_OPTIMIZATION_LEVEL = 0;
				GCC_PREPROCESSOR_DEFINITIONS = (
					"DEBUG=1",
					"$(inherited)",
				);
				GCC_SYMBOLS_PRIVATE_EXTERN = NO;
				GCC_WARN_64_TO_32_BIT_CONVERSION = YES;
				GCC_WARN_ABOUT_RETURN_TYPE = YES_ERROR;
				GCC_WARN_UNDECLARED_SELECTOR = YES;
				GCC_WARN_UNINITIALIZED_AUTOS = YES_AGGRESSIVE;
				GCC_WARN_UNUSED_FUNCTION = YES;
				GCC_WARN_UNUSED_VARIABLE = YES;
				IPHONEOS_DEPLOYMENT_TARGET = 7.0;
				MTL_ENABLE_DEBUG_INFO = YES;
				ONLY_ACTIVE_ARCH = YES;
				SDKROOT = iphoneos;
			};
			name = Debug;
		};
		3C5F97EF1AEBB1F30098F70F /* Release */ = {
			isa = XCBuildConfiguration;
			buildSettings = {
				ALWAYS_SEARCH_USER_PATHS = NO;
				CLANG_CXX_LANGUAGE_STANDARD = "gnu++0x";
				CLANG_CXX_LIBRARY = "libc++";
				CLANG_ENABLE_MODULES = YES;
				CLANG_ENABLE_OBJC_ARC = YES;
				CLANG_WARN_BOOL_CONVERSION = YES;
				CLANG_WARN_CONSTANT_CONVERSION = YES;
				CLANG_WARN_DIRECT_OBJC_ISA_USAGE = YES_ERROR;
				CLANG_WARN_EMPTY_BODY = YES;
				CLANG_WARN_ENUM_CONVERSION = YES;
				CLANG_WARN_INT_CONVERSION = YES;
				CLANG_WARN_OBJC_ROOT_CLASS = YES_ERROR;
				CLANG_WARN_UNREACHABLE_CODE = YES;
				CLANG_WARN__DUPLICATE_METHOD_MATCH = YES;
				CODE_SIGN_IDENTITY = "iPhone Developer: Mitch Buchannon (NMWVMQS5Z5)";
				"CODE_SIGN_IDENTITY[sdk=iphoneos*]" = "iPhone Developer: Mitch Buchannon (NMWVMQS5Z5)";
				COPY_PHASE_STRIP = NO;
				DEBUG_INFORMATION_FORMAT = "dwarf-with-dsym";
				ENABLE_NS_ASSERTIONS = NO;
				ENABLE_STRICT_OBJC_MSGSEND = YES;
				GCC_C_LANGUAGE_STANDARD = gnu99;
				GCC_NO_COMMON_BLOCKS = YES;
				GCC_WARN_64_TO_32_BIT_CONVERSION = YES;
				GCC_WARN_ABOUT_RETURN_TYPE = YES_ERROR;
				GCC_WARN_UNDECLARED_SELECTOR = YES;
				GCC_WARN_UNINITIALIZED_AUTOS = YES_AGGRESSIVE;
				GCC_WARN_UNUSED_FUNCTION = YES;
				GCC_WARN_UNUSED_VARIABLE = YES;
				IPHONEOS_DEPLOYMENT_TARGET = 7.0;
				MTL_ENABLE_DEBUG_INFO = NO;
				SDKROOT = iphoneos;
				VALIDATE_PRODUCT = YES;
			};
			name = Release;
		};
		3C5F97F11AEBB1F30098F70F /* Debug */ = {
			isa = XCBuildConfiguration;
			buildSettings = {
				ASSETCATALOG_COMPILER_APPICON_NAME = AppIcon;
				ASSETCATALOG_COMPILER_LAUNCHIMAGE_NAME = LaunchImage;
				CODE_SIGN_IDENTITY = "iPhone Distribution: Mitch Buchannon (86N86JY2JG)";
				"CODE_SIGN_IDENTITY[sdk=iphoneos*]" = "iPhone Distribution: Mitch Buchannon (86N86JY2JG)";
				FRAMEWORK_SEARCH_PATHS = (
					"$(inherited)",
					"$(PROJECT_DIR)",
					"$(PROJECT_DIR)/FacebookSDK",
				);
				INFOPLIST_FILE = FlashTape/Info.plist;
				IPHONEOS_DEPLOYMENT_TARGET = 7.0;
				LD_RUNPATH_SEARCH_PATHS = "$(inherited) @executable_path/Frameworks";
				PRODUCT_NAME = "$(TARGET_NAME)";
				PROVISIONING_PROFILE = "995e59c0-0d45-4c40-bc4f-29c1a60c407f";
			};
			name = Debug;
		};
		3C5F97F21AEBB1F30098F70F /* Release */ = {
			isa = XCBuildConfiguration;
			buildSettings = {
				ASSETCATALOG_COMPILER_APPICON_NAME = AppIcon;
				ASSETCATALOG_COMPILER_LAUNCHIMAGE_NAME = LaunchImage;
				CODE_SIGN_IDENTITY = "iPhone Distribution: Mitch Buchannon (86N86JY2JG)";
				"CODE_SIGN_IDENTITY[sdk=iphoneos*]" = "iPhone Distribution: Mitch Buchannon (86N86JY2JG)";
				FRAMEWORK_SEARCH_PATHS = (
					"$(inherited)",
					"$(PROJECT_DIR)",
					"$(PROJECT_DIR)/FacebookSDK",
				);
				INFOPLIST_FILE = FlashTape/Info.plist;
				IPHONEOS_DEPLOYMENT_TARGET = 7.0;
				LD_RUNPATH_SEARCH_PATHS = "$(inherited) @executable_path/Frameworks";
				PRODUCT_NAME = "$(TARGET_NAME)";
				PROVISIONING_PROFILE = "995e59c0-0d45-4c40-bc4f-29c1a60c407f";
			};
			name = Release;
		};
/* End XCBuildConfiguration section */

/* Begin XCConfigurationList section */
		3C5F97C51AEBB1F30098F70F /* Build configuration list for PBXProject "FlashTape" */ = {
			isa = XCConfigurationList;
			buildConfigurations = (
				3C5F97EE1AEBB1F30098F70F /* Debug */,
				3C5F97EF1AEBB1F30098F70F /* Release */,
			);
			defaultConfigurationIsVisible = 0;
			defaultConfigurationName = Release;
		};
		3C5F97F01AEBB1F30098F70F /* Build configuration list for PBXNativeTarget "FlashTape" */ = {
			isa = XCConfigurationList;
			buildConfigurations = (
				3C5F97F11AEBB1F30098F70F /* Debug */,
				3C5F97F21AEBB1F30098F70F /* Release */,
			);
			defaultConfigurationIsVisible = 0;
			defaultConfigurationName = Release;
		};
/* End XCConfigurationList section */
	};
	rootObject = 3C5F97C21AEBB1F30098F70F /* Project object */;
}
